// !$*UTF8*$!
{
	archiveVersion = 1;
	classes = {
	};
	objectVersion = 77;
	objects = {

/* Begin PBXBuildFile section */
		03490701C707AB79034A41EE /* RadioModels.swift in Sources */ = {isa = PBXBuildFile; fileRef = 386F3D9BC6E29835B1AEC007 /* RadioModels.swift */; };
		043074939A0160872E092062 /* MemoryTests.swift in Sources */ = {isa = PBXBuildFile; fileRef = 035D391448A9CF9B3C28DFBC /* MemoryTests.swift */; };
		057F2E412B87BC91EADB110C /* reactions.json in Resources */ = {isa = PBXBuildFile; fileRef = 2B556DEDB0E4B68394D71564 /* reactions.json */; };
		08418671DFAB336518960D2F /* JukeAPITests.swift in Sources */ = {isa = PBXBuildFile; fileRef = 7A09D3AAD00B80241BB8D6B6 /* JukeAPITests.swift */; };
		0F5DD1430CB63B6D17E26843 /* crate.json in Resources */ = {isa = PBXBuildFile; fileRef = 70DC5C1F2824F512A8713590 /* crate.json */; };
		0FFD13BF760359CFBAF60468 /* MemoryStore.swift in Sources */ = {isa = PBXBuildFile; fileRef = 7A8329594526A0737E582A6F /* MemoryStore.swift */; };
		10861E398DDF098EAFD61163 /* ShazamRecognizer.swift in Sources */ = {isa = PBXBuildFile; fileRef = 8A308AA24CEF86992E090F87 /* ShazamRecognizer.swift */; };
		124D6E91A163F2BBFF997B27 /* RecognizedTrackTests.swift in Sources */ = {isa = PBXBuildFile; fileRef = 81F428EF8F2ACADCAA275CE1 /* RecognizedTrackTests.swift */; };
		144076703D193162A52AC012 /* MemoriesScreen.swift in Sources */ = {isa = PBXBuildFile; fileRef = 418598041EAA5F8E1348B790 /* MemoriesScreen.swift */; };
		18F0DEA51D9A7888C707A212 /* ChatMessage.swift in Sources */ = {isa = PBXBuildFile; fileRef = C4F5D1473FC91CB5DD887566 /* ChatMessage.swift */; };
		19DBDCBABF318DC6AB4E11FC /* NowPlayingBar.swift in Sources */ = {isa = PBXBuildFile; fileRef = 3D68D1983C2513C4EF84D8E4 /* NowPlayingBar.swift */; };
		1B4B9139E0F0B6BF406EC942 /* CaptureSource.swift in Sources */ = {isa = PBXBuildFile; fileRef = DC39AC4E020543A65AE25C13 /* CaptureSource.swift */; };
		22814A9562C3C5DB4F9C7085 /* exclusion.json in Resources */ = {isa = PBXBuildFile; fileRef = 23ABA178B0CCEBE6960890BA /* exclusion.json */; };
		26636B9AC5231BEF7F7CCD51 /* RadioServices.swift in Sources */ = {isa = PBXBuildFile; fileRef = D200410A3AD271D4ECBDB63B /* RadioServices.swift */; };
		2E6EEFB11E52B1899EAF412F /* MicrophoneAudioCapture.swift in Sources */ = {isa = PBXBuildFile; fileRef = BEFE4BE4BDE260235E9A322B /* MicrophoneAudioCapture.swift */; };
		31A43B227BF505B45DF9BB31 /* LibraryScreen.swift in Sources */ = {isa = PBXBuildFile; fileRef = 039C54098D8B6D33F4D1C456 /* LibraryScreen.swift */; };
		32C66AA334669CC8DA2F788F /* JukeMotion.swift in Sources */ = {isa = PBXBuildFile; fileRef = DD5050A2DECC13CCA305BD3D /* JukeMotion.swift */; };
		34EE589B1BBF41779E6D5531 /* JukeApp.swift in Sources */ = {isa = PBXBuildFile; fileRef = 6CAF09AE4A4B5A8899CD0880 /* JukeApp.swift */; };
		36F265FD477B5028BA27F8B8 /* PrivacyInfo.xcprivacy in Resources */ = {isa = PBXBuildFile; fileRef = C1DC76EC185E190AD15B0F84 /* PrivacyInfo.xcprivacy */; };
		37D90B800AC3270FC43E6E62 /* session-summary.json in Resources */ = {isa = PBXBuildFile; fileRef = 615DF70185A9ACE0747B288E /* session-summary.json */; };
		395A665CF7551C19CA39514B /* next.json in Resources */ = {isa = PBXBuildFile; fileRef = 43A032D4B7B6D02F0D6928D5 /* next.json */; };
		3DB7F1A1DCD03FBFEE51014C /* MemoryPlaybackTests.swift in Sources */ = {isa = PBXBuildFile; fileRef = 04F9B19B7C78941BAD8FB64A /* MemoryPlaybackTests.swift */; };
		44095BBE9F68E86BA4816917 /* RadioController.swift in Sources */ = {isa = PBXBuildFile; fileRef = 5FEBE6A9E78CF565442215B5 /* RadioController.swift */; };
		4583FB7AA5D4DC87040CF985 /* JukeSection.swift in Sources */ = {isa = PBXBuildFile; fileRef = A74471EB5E903AF76CEBE674 /* JukeSection.swift */; };
		466B8FA1349719B5AFAF1B98 /* JukeHeader.swift in Sources */ = {isa = PBXBuildFile; fileRef = A2BE0D3AD19036BBAF3CB5C7 /* JukeHeader.swift */; };
		47437C814A6D76C2F0C34136 /* ChatVault.swift in Sources */ = {isa = PBXBuildFile; fileRef = C7D2F8FF92EB403C45B82066 /* ChatVault.swift */; };
		49639B00ED842410132B8C39 /* AppLockController.swift in Sources */ = {isa = PBXBuildFile; fileRef = 02C1570E38F238FA925D0BA4 /* AppLockController.swift */; };
		4C6F0AA7FD6C50F4DEB1ECF4 /* JukeSettings.swift in Sources */ = {isa = PBXBuildFile; fileRef = 5ABC2C4225D0B0CACC6FA38A /* JukeSettings.swift */; };
		4D4BB5C2A97A3EBA8376EC36 /* JukeTheme.swift in Sources */ = {isa = PBXBuildFile; fileRef = 1F6E92903C89485540D6D044 /* JukeTheme.swift */; };
		4FE1669A58E3CA7A69D20BAD /* MemoryJourneyIllustration.swift in Sources */ = {isa = PBXBuildFile; fileRef = 359692B2ECCF69904F7C119C /* MemoryJourneyIllustration.swift */; };
		50296474248066D4FB6AE690 /* MemoryPhotoLibrary.swift in Sources */ = {isa = PBXBuildFile; fileRef = 8A98A53C2911A8C10AC242F9 /* MemoryPhotoLibrary.swift */; };
		50805F513CCF25E50C0D144D /* session-summary-empty.json in Resources */ = {isa = PBXBuildFile; fileRef = E28D66FE164ED9C481DDDBE2 /* session-summary-empty.json */; };
		544589FF303AC94AF326A837 /* JukeServer.swift in Sources */ = {isa = PBXBuildFile; fileRef = 3946DE4A515B164F1429E133 /* JukeServer.swift */; };
		56378172E14AE80359AB6611 /* RadioMath.swift in Sources */ = {isa = PBXBuildFile; fileRef = 16E5E0E2151EF2A254B79D6A /* RadioMath.swift */; };
		61C792E35DBFF346134825E0 /* JukeAuthenticationService.swift in Sources */ = {isa = PBXBuildFile; fileRef = C92FEE71AB32B6637252BB8B /* JukeAuthenticationService.swift */; };
		62B9466A3ADA5CDAF5DC3E72 /* MiniNowPlayingPill.swift in Sources */ = {isa = PBXBuildFile; fileRef = 7767787B9F17ADD821C89C30 /* MiniNowPlayingPill.swift */; };
		67CA1C22AC991066C00C97FF /* MusicMemory.swift in Sources */ = {isa = PBXBuildFile; fileRef = F4AC4B3714FECC82D783DCC8 /* MusicMemory.swift */; };
		6A4283E6B6F9569B2A3E5590 /* JukeAPI+Radio.swift in Sources */ = {isa = PBXBuildFile; fileRef = C99AA589D8F887D305763287 /* JukeAPI+Radio.swift */; };
		6B8D6792A84587C5126550CD /* station.json in Resources */ = {isa = PBXBuildFile; fileRef = C97A0D7D23C3BCD6A5D674C7 /* station.json */; };
		6C44A0F3E302EDC1887366F0 /* LocalVibeIntelligence.swift in Sources */ = {isa = PBXBuildFile; fileRef = D5639943CD2564B108F7906B /* LocalVibeIntelligence.swift */; };
		70A2868FB462438D8672C74B /* AudioActivityThrottle.swift in Sources */ = {isa = PBXBuildFile; fileRef = 3C04E84629ADEBF6B30204E6 /* AudioActivityThrottle.swift */; };
		7417A2100C92E758F2FA6F6C /* MemoryClient.swift in Sources */ = {isa = PBXBuildFile; fileRef = BC1AE984ADE0F99CA87BD3E1 /* MemoryClient.swift */; };
		80B05F2C749286111165B866 /* SectionStage.swift in Sources */ = {isa = PBXBuildFile; fileRef = 4E2BF23683BD4B133A06EA3E /* SectionStage.swift */; };
		81F70F503C1003890A6BEE16 /* stations.json in Resources */ = {isa = PBXBuildFile; fileRef = 12F7BA783F2A9C8A8FF0708C /* stations.json */; };
		86C6B7E0AC87C7FBA88F646F /* NewStationScreen.swift in Sources */ = {isa = PBXBuildFile; fileRef = 98CCC8B5714C63463401E96D /* NewStationScreen.swift */; };
		8B866413DEB4C665316507A5 /* Assets.xcassets in Resources */ = {isa = PBXBuildFile; fileRef = 9362A6B3B5353DD4D0A760C1 /* Assets.xcassets */; };
		9118F7756810C8B938341980 /* RadioFixtures.swift in Sources */ = {isa = PBXBuildFile; fileRef = 5F1774747C96BC2991A88F17 /* RadioFixtures.swift */; };
		91FFA7DFACA1D64B54EE8574 /* MusicDetectionController.swift in Sources */ = {isa = PBXBuildFile; fileRef = EAFCFDE0F3DB1934E6D3ECB1 /* MusicDetectionController.swift */; };
		9250F5A992C37AEF428C5E75 /* JukeColor.swift in Sources */ = {isa = PBXBuildFile; fileRef = 886AEA3F54EF0EB3A8531890 /* JukeColor.swift */; };
		952BAA56CDEDE0230B1DB9AC /* CatalogClient.swift in Sources */ = {isa = PBXBuildFile; fileRef = D4F4A3E42EC4497DF21EE812 /* CatalogClient.swift */; };
		98C571A7E4BCA575F18F2186 /* RadioScreen.swift in Sources */ = {isa = PBXBuildFile; fileRef = 117C21E15ED1D0503519D016 /* RadioScreen.swift */; };
		98EF1AA0310D5334FB8DFBFB /* PlaybackClient.swift in Sources */ = {isa = PBXBuildFile; fileRef = 879D18C4046A67324FCD8507 /* PlaybackClient.swift */; };
		9A50201F9DC93258E180A71B /* SettingsView.swift in Sources */ = {isa = PBXBuildFile; fileRef = F1F82FDFFCD2046EEDDE12E4 /* SettingsView.swift */; };
		9C2C1A5768AED1464A3DD401 /* MemoryMediaImportTests.swift in Sources */ = {isa = PBXBuildFile; fileRef = D27BFF3606228A69593CB096 /* MemoryMediaImportTests.swift */; };
		9C54315C9A63B0395E3E59F9 /* AudioCaptureService.swift in Sources */ = {isa = PBXBuildFile; fileRef = A49920532700444B93FBCE47 /* AudioCaptureService.swift */; };
		A5109EF468FFAFE0F0291DC4 /* SystemAudioCapture.swift in Sources */ = {isa = PBXBuildFile; fileRef = 61EB7FC9B5F97310189A1F59 /* SystemAudioCapture.swift */; };
		A75BF998D620A44588F1201B /* ChatScreen.swift in Sources */ = {isa = PBXBuildFile; fileRef = 60D68A1ACFB1780C5B871B81 /* ChatScreen.swift */; };
		AADBF68B2914041043A16D2D /* MemoriesView.swift in Sources */ = {isa = PBXBuildFile; fileRef = A3FE04E17DA41AEA2D286703 /* MemoriesView.swift */; };
		ADF9AA08788C2F06E108ED6B /* JukeCoordinator.swift in Sources */ = {isa = PBXBuildFile; fileRef = FAFEF2D0AB396B4CC78C311E /* JukeCoordinator.swift */; };
		B8E10099E4845D1F6474F776 /* JukeRootView.swift in Sources */ = {isa = PBXBuildFile; fileRef = D933934488CB278693589BC2 /* JukeRootView.swift */; };
		BAD995D4F45453D21570420C /* DiscoverView.swift in Sources */ = {isa = PBXBuildFile; fileRef = 04D30C2ACC81E97496850E7C /* DiscoverView.swift */; };
		C1B9C5B94A10BB206C915356 /* JukeAccount.swift in Sources */ = {isa = PBXBuildFile; fileRef = 87FD0686640271360D08EB4A /* JukeAccount.swift */; };
		C2347B7232ABE420C66CB97A /* ChatConversationView.swift in Sources */ = {isa = PBXBuildFile; fileRef = 0D4CFDB56BA447FB382CF4CA /* ChatConversationView.swift */; };
		C47107D9A4D9CFABB0C71ACE /* JukeAPI.swift in Sources */ = {isa = PBXBuildFile; fileRef = EDDFD76C2195202121C26721 /* JukeAPI.swift */; };
		CE6EF155F32D6DD752E0B59A /* JukeMacUITests.swift in Sources */ = {isa = PBXBuildFile; fileRef = DD4BDF6903395F2568E6FBD2 /* JukeMacUITests.swift */; };
		D0EE1ABF89BD1CB55DDDF1B2 /* JukeKeychain.swift in Sources */ = {isa = PBXBuildFile; fileRef = FEAAB753C2A4B7974593C201 /* JukeKeychain.swift */; };
		DBC1AFD90E45263CA74B1E83 /* AppModel.swift in Sources */ = {isa = PBXBuildFile; fileRef = 401A3809A0EC7939C51D6422 /* AppModel.swift */; };
		DE381AB7C3D5CFE9569518F6 /* reactions-no-suggestion.json in Resources */ = {isa = PBXBuildFile; fileRef = 5FE9913F81CECD1BC082DAA9 /* reactions-no-suggestion.json */; };
		DEB7DBE6A138C81CCC21A2B2 /* MemoryComposerView.swift in Sources */ = {isa = PBXBuildFile; fileRef = BE4D6EDC3D09791E898BBF1B /* MemoryComposerView.swift */; };
		DF5D2D687BA1A5D810564469 /* MemoryMediaImport.swift in Sources */ = {isa = PBXBuildFile; fileRef = B8010B4B5E4AC623DDE41F6E /* MemoryMediaImport.swift */; };
		DFD5018F91E2143B1B1BD904 /* play.json in Resources */ = {isa = PBXBuildFile; fileRef = 12C75F33A361E742EBA68EBE /* play.json */; };
		E1D68082B078695CF0E1128D /* JukeComponents.swift in Sources */ = {isa = PBXBuildFile; fileRef = E000DB5AF95A0C6D31FBDF35 /* JukeComponents.swift */; };
		E42200448BA9424A6CBEEF5F /* NeptuneVibeClient.swift in Sources */ = {isa = PBXBuildFile; fileRef = 20FA691EB290A34DFB0A6740 /* NeptuneVibeClient.swift */; };
		E62D245EB95D3806388FBF44 /* ArtworkPalette.swift in Sources */ = {isa = PBXBuildFile; fileRef = A9805F0860E2332BCBAF6D33 /* ArtworkPalette.swift */; };
		E7A0A3502FCEA9C36EEB728D /* RecognizedTrack.swift in Sources */ = {isa = PBXBuildFile; fileRef = 6DE5F3EBC37762088E6E760D /* RecognizedTrack.swift */; };
		EBD556D7A00B6B327CEF8A9A /* JukeFoundationTests.swift in Sources */ = {isa = PBXBuildFile; fileRef = 715D27259400E3BE5E230327 /* JukeFoundationTests.swift */; };
		F6FB8A898B8A1065DE8FF87C /* PlayerMetadataMonitor.swift in Sources */ = {isa = PBXBuildFile; fileRef = B9B905B776448D67D1BD9A18 /* PlayerMetadataMonitor.swift */; };
/* End PBXBuildFile section */

/* Begin PBXContainerItemProxy section */
		063BDC77029BA0CAE6E6701D /* PBXContainerItemProxy */ = {
			isa = PBXContainerItemProxy;
			containerPortal = 2F5797816B7340308BCA63B1 /* Project object */;
			proxyType = 1;
			remoteGlobalIDString = C03F8277F1BFFEC068CACDE0;
			remoteInfo = JukeMac;
		};
		7C8352C0B8148C1E09719BEB /* PBXContainerItemProxy */ = {
			isa = PBXContainerItemProxy;
			containerPortal = 2F5797816B7340308BCA63B1 /* Project object */;
			proxyType = 1;
			remoteGlobalIDString = C03F8277F1BFFEC068CACDE0;
			remoteInfo = JukeMac;
		};
/* End PBXContainerItemProxy section */

/* Begin PBXFileReference section */
		02C1570E38F238FA925D0BA4 /* AppLockController.swift */ = {isa = PBXFileReference; lastKnownFileType = sourcecode.swift; path = AppLockController.swift; sourceTree = "<group>"; };
		035D391448A9CF9B3C28DFBC /* MemoryTests.swift */ = {isa = PBXFileReference; lastKnownFileType = sourcecode.swift; path = MemoryTests.swift; sourceTree = "<group>"; };
		039C54098D8B6D33F4D1C456 /* LibraryScreen.swift */ = {isa = PBXFileReference; lastKnownFileType = sourcecode.swift; path = LibraryScreen.swift; sourceTree = "<group>"; };
		04D30C2ACC81E97496850E7C /* DiscoverView.swift */ = {isa = PBXFileReference; lastKnownFileType = sourcecode.swift; path = DiscoverView.swift; sourceTree = "<group>"; };
		04F9B19B7C78941BAD8FB64A /* MemoryPlaybackTests.swift */ = {isa = PBXFileReference; lastKnownFileType = sourcecode.swift; path = MemoryPlaybackTests.swift; sourceTree = "<group>"; };
		0D4CFDB56BA447FB382CF4CA /* ChatConversationView.swift */ = {isa = PBXFileReference; lastKnownFileType = sourcecode.swift; path = ChatConversationView.swift; sourceTree = "<group>"; };
		117C21E15ED1D0503519D016 /* RadioScreen.swift */ = {isa = PBXFileReference; lastKnownFileType = sourcecode.swift; path = RadioScreen.swift; sourceTree = "<group>"; };
		12C75F33A361E742EBA68EBE /* play.json */ = {isa = PBXFileReference; lastKnownFileType = text.json; path = play.json; sourceTree = "<group>"; };
		12F7BA783F2A9C8A8FF0708C /* stations.json */ = {isa = PBXFileReference; lastKnownFileType = text.json; path = stations.json; sourceTree = "<group>"; };
		16E5E0E2151EF2A254B79D6A /* RadioMath.swift */ = {isa = PBXFileReference; lastKnownFileType = sourcecode.swift; path = RadioMath.swift; sourceTree = "<group>"; };
		1837351E929B48F577DA4689 /* JukeMacUITests.xctest */ = {isa = PBXFileReference; explicitFileType = wrapper.cfbundle; includeInIndex = 0; path = JukeMacUITests.xctest; sourceTree = BUILT_PRODUCTS_DIR; };
		1F6E92903C89485540D6D044 /* JukeTheme.swift */ = {isa = PBXFileReference; lastKnownFileType = sourcecode.swift; path = JukeTheme.swift; sourceTree = "<group>"; };
		20FA691EB290A34DFB0A6740 /* NeptuneVibeClient.swift */ = {isa = PBXFileReference; lastKnownFileType = sourcecode.swift; path = NeptuneVibeClient.swift; sourceTree = "<group>"; };
		23ABA178B0CCEBE6960890BA /* exclusion.json */ = {isa = PBXFileReference; lastKnownFileType = text.json; path = exclusion.json; sourceTree = "<group>"; };
		2B556DEDB0E4B68394D71564 /* reactions.json */ = {isa = PBXFileReference; lastKnownFileType = text.json; path = reactions.json; sourceTree = "<group>"; };
		359692B2ECCF69904F7C119C /* MemoryJourneyIllustration.swift */ = {isa = PBXFileReference; lastKnownFileType = sourcecode.swift; path = MemoryJourneyIllustration.swift; sourceTree = "<group>"; };
		386F3D9BC6E29835B1AEC007 /* RadioModels.swift */ = {isa = PBXFileReference; lastKnownFileType = sourcecode.swift; path = RadioModels.swift; sourceTree = "<group>"; };
		3946DE4A515B164F1429E133 /* JukeServer.swift */ = {isa = PBXFileReference; lastKnownFileType = sourcecode.swift; path = JukeServer.swift; sourceTree = "<group>"; };
		3C04E84629ADEBF6B30204E6 /* AudioActivityThrottle.swift */ = {isa = PBXFileReference; lastKnownFileType = sourcecode.swift; path = AudioActivityThrottle.swift; sourceTree = "<group>"; };
		3D68D1983C2513C4EF84D8E4 /* NowPlayingBar.swift */ = {isa = PBXFileReference; lastKnownFileType = sourcecode.swift; path = NowPlayingBar.swift; sourceTree = "<group>"; };
		401A3809A0EC7939C51D6422 /* AppModel.swift */ = {isa = PBXFileReference; lastKnownFileType = sourcecode.swift; path = AppModel.swift; sourceTree = "<group>"; };
		418598041EAA5F8E1348B790 /* MemoriesScreen.swift */ = {isa = PBXFileReference; lastKnownFileType = sourcecode.swift; path = MemoriesScreen.swift; sourceTree = "<group>"; };
		43A032D4B7B6D02F0D6928D5 /* next.json */ = {isa = PBXFileReference; lastKnownFileType = text.json; path = next.json; sourceTree = "<group>"; };
		4E2BF23683BD4B133A06EA3E /* SectionStage.swift */ = {isa = PBXFileReference; lastKnownFileType = sourcecode.swift; path = SectionStage.swift; sourceTree = "<group>"; };
		51044B5F11349DAF26E70683 /* Info.plist */ = {isa = PBXFileReference; lastKnownFileType = text.plist; path = Info.plist; sourceTree = "<group>"; };
		5ABC2C4225D0B0CACC6FA38A /* JukeSettings.swift */ = {isa = PBXFileReference; lastKnownFileType = sourcecode.swift; path = JukeSettings.swift; sourceTree = "<group>"; };
		5F1774747C96BC2991A88F17 /* RadioFixtures.swift */ = {isa = PBXFileReference; lastKnownFileType = sourcecode.swift; path = RadioFixtures.swift; sourceTree = "<group>"; };
		5FE9913F81CECD1BC082DAA9 /* reactions-no-suggestion.json */ = {isa = PBXFileReference; lastKnownFileType = text.json; path = "reactions-no-suggestion.json"; sourceTree = "<group>"; };
		5FEBE6A9E78CF565442215B5 /* RadioController.swift */ = {isa = PBXFileReference; lastKnownFileType = sourcecode.swift; path = RadioController.swift; sourceTree = "<group>"; };
		60D68A1ACFB1780C5B871B81 /* ChatScreen.swift */ = {isa = PBXFileReference; lastKnownFileType = sourcecode.swift; path = ChatScreen.swift; sourceTree = "<group>"; };
		615DF70185A9ACE0747B288E /* session-summary.json */ = {isa = PBXFileReference; lastKnownFileType = text.json; path = "session-summary.json"; sourceTree = "<group>"; };
		61EB7FC9B5F97310189A1F59 /* SystemAudioCapture.swift */ = {isa = PBXFileReference; lastKnownFileType = sourcecode.swift; path = SystemAudioCapture.swift; sourceTree = "<group>"; };
		6CAF09AE4A4B5A8899CD0880 /* JukeApp.swift */ = {isa = PBXFileReference; lastKnownFileType = sourcecode.swift; path = JukeApp.swift; sourceTree = "<group>"; };
		6DE5F3EBC37762088E6E760D /* RecognizedTrack.swift */ = {isa = PBXFileReference; lastKnownFileType = sourcecode.swift; path = RecognizedTrack.swift; sourceTree = "<group>"; };
		70DC5C1F2824F512A8713590 /* crate.json */ = {isa = PBXFileReference; lastKnownFileType = text.json; path = crate.json; sourceTree = "<group>"; };
		715D27259400E3BE5E230327 /* JukeFoundationTests.swift */ = {isa = PBXFileReference; lastKnownFileType = sourcecode.swift; path = JukeFoundationTests.swift; sourceTree = "<group>"; };
		7767787B9F17ADD821C89C30 /* MiniNowPlayingPill.swift */ = {isa = PBXFileReference; lastKnownFileType = sourcecode.swift; path = MiniNowPlayingPill.swift; sourceTree = "<group>"; };
		7A09D3AAD00B80241BB8D6B6 /* JukeAPITests.swift */ = {isa = PBXFileReference; lastKnownFileType = sourcecode.swift; path = JukeAPITests.swift; sourceTree = "<group>"; };
		7A8329594526A0737E582A6F /* MemoryStore.swift */ = {isa = PBXFileReference; lastKnownFileType = sourcecode.swift; path = MemoryStore.swift; sourceTree = "<group>"; };
		81F428EF8F2ACADCAA275CE1 /* RecognizedTrackTests.swift */ = {isa = PBXFileReference; lastKnownFileType = sourcecode.swift; path = RecognizedTrackTests.swift; sourceTree = "<group>"; };
		879D18C4046A67324FCD8507 /* PlaybackClient.swift */ = {isa = PBXFileReference; lastKnownFileType = sourcecode.swift; path = PlaybackClient.swift; sourceTree = "<group>"; };
		87B99B6C1B4ADA888CF1DA15 /* JukeMacTests.xctest */ = {isa = PBXFileReference; explicitFileType = wrapper.cfbundle; includeInIndex = 0; path = JukeMacTests.xctest; sourceTree = BUILT_PRODUCTS_DIR; };
		87FD0686640271360D08EB4A /* JukeAccount.swift */ = {isa = PBXFileReference; lastKnownFileType = sourcecode.swift; path = JukeAccount.swift; sourceTree = "<group>"; };
		886AEA3F54EF0EB3A8531890 /* JukeColor.swift */ = {isa = PBXFileReference; lastKnownFileType = sourcecode.swift; path = JukeColor.swift; sourceTree = "<group>"; };
		8A308AA24CEF86992E090F87 /* ShazamRecognizer.swift */ = {isa = PBXFileReference; lastKnownFileType = sourcecode.swift; path = ShazamRecognizer.swift; sourceTree = "<group>"; };
		8A98A53C2911A8C10AC242F9 /* MemoryPhotoLibrary.swift */ = {isa = PBXFileReference; lastKnownFileType = sourcecode.swift; path = MemoryPhotoLibrary.swift; sourceTree = "<group>"; };
		9362A6B3B5353DD4D0A760C1 /* Assets.xcassets */ = {isa = PBXFileReference; lastKnownFileType = folder.assetcatalog; path = Assets.xcassets; sourceTree = "<group>"; };
		98CCC8B5714C63463401E96D /* NewStationScreen.swift */ = {isa = PBXFileReference; lastKnownFileType = sourcecode.swift; path = NewStationScreen.swift; sourceTree = "<group>"; };
		991A73B7F1308E3E69AE5FCF /* JukeMac.app */ = {isa = PBXFileReference; explicitFileType = wrapper.application; includeInIndex = 0; path = JukeMac.app; sourceTree = BUILT_PRODUCTS_DIR; };
		A2BE0D3AD19036BBAF3CB5C7 /* JukeHeader.swift */ = {isa = PBXFileReference; lastKnownFileType = sourcecode.swift; path = JukeHeader.swift; sourceTree = "<group>"; };
		A3FE04E17DA41AEA2D286703 /* MemoriesView.swift */ = {isa = PBXFileReference; lastKnownFileType = sourcecode.swift; path = MemoriesView.swift; sourceTree = "<group>"; };
		A49920532700444B93FBCE47 /* AudioCaptureService.swift */ = {isa = PBXFileReference; lastKnownFileType = sourcecode.swift; path = AudioCaptureService.swift; sourceTree = "<group>"; };
		A74471EB5E903AF76CEBE674 /* JukeSection.swift */ = {isa = PBXFileReference; lastKnownFileType = sourcecode.swift; path = JukeSection.swift; sourceTree = "<group>"; };
		A9805F0860E2332BCBAF6D33 /* ArtworkPalette.swift */ = {isa = PBXFileReference; lastKnownFileType = sourcecode.swift; path = ArtworkPalette.swift; sourceTree = "<group>"; };
		B8010B4B5E4AC623DDE41F6E /* MemoryMediaImport.swift */ = {isa = PBXFileReference; lastKnownFileType = sourcecode.swift; path = MemoryMediaImport.swift; sourceTree = "<group>"; };
		B9B905B776448D67D1BD9A18 /* PlayerMetadataMonitor.swift */ = {isa = PBXFileReference; lastKnownFileType = sourcecode.swift; path = PlayerMetadataMonitor.swift; sourceTree = "<group>"; };
		BC1AE984ADE0F99CA87BD3E1 /* MemoryClient.swift */ = {isa = PBXFileReference; lastKnownFileType = sourcecode.swift; path = MemoryClient.swift; sourceTree = "<group>"; };
		BE4D6EDC3D09791E898BBF1B /* MemoryComposerView.swift */ = {isa = PBXFileReference; lastKnownFileType = sourcecode.swift; path = MemoryComposerView.swift; sourceTree = "<group>"; };
		BEFE4BE4BDE260235E9A322B /* MicrophoneAudioCapture.swift */ = {isa = PBXFileReference; lastKnownFileType = sourcecode.swift; path = MicrophoneAudioCapture.swift; sourceTree = "<group>"; };
		C1DC76EC185E190AD15B0F84 /* PrivacyInfo.xcprivacy */ = {isa = PBXFileReference; path = PrivacyInfo.xcprivacy; sourceTree = "<group>"; };
		C4F5D1473FC91CB5DD887566 /* ChatMessage.swift */ = {isa = PBXFileReference; lastKnownFileType = sourcecode.swift; path = ChatMessage.swift; sourceTree = "<group>"; };
		C7D2F8FF92EB403C45B82066 /* ChatVault.swift */ = {isa = PBXFileReference; lastKnownFileType = sourcecode.swift; path = ChatVault.swift; sourceTree = "<group>"; };
		C92FEE71AB32B6637252BB8B /* JukeAuthenticationService.swift */ = {isa = PBXFileReference; lastKnownFileType = sourcecode.swift; path = JukeAuthenticationService.swift; sourceTree = "<group>"; };
		C97A0D7D23C3BCD6A5D674C7 /* station.json */ = {isa = PBXFileReference; lastKnownFileType = text.json; path = station.json; sourceTree = "<group>"; };
		C99AA589D8F887D305763287 /* JukeAPI+Radio.swift */ = {isa = PBXFileReference; lastKnownFileType = sourcecode.swift; path = "JukeAPI+Radio.swift"; sourceTree = "<group>"; };
		D200410A3AD271D4ECBDB63B /* RadioServices.swift */ = {isa = PBXFileReference; lastKnownFileType = sourcecode.swift; path = RadioServices.swift; sourceTree = "<group>"; };
		D27BFF3606228A69593CB096 /* MemoryMediaImportTests.swift */ = {isa = PBXFileReference; lastKnownFileType = sourcecode.swift; path = MemoryMediaImportTests.swift; sourceTree = "<group>"; };
		D4F4A3E42EC4497DF21EE812 /* CatalogClient.swift */ = {isa = PBXFileReference; lastKnownFileType = sourcecode.swift; path = CatalogClient.swift; sourceTree = "<group>"; };
		D5639943CD2564B108F7906B /* LocalVibeIntelligence.swift */ = {isa = PBXFileReference; lastKnownFileType = sourcecode.swift; path = LocalVibeIntelligence.swift; sourceTree = "<group>"; };
		D933934488CB278693589BC2 /* JukeRootView.swift */ = {isa = PBXFileReference; lastKnownFileType = sourcecode.swift; path = JukeRootView.swift; sourceTree = "<group>"; };
		DC39AC4E020543A65AE25C13 /* CaptureSource.swift */ = {isa = PBXFileReference; lastKnownFileType = sourcecode.swift; path = CaptureSource.swift; sourceTree = "<group>"; };
		DD4BDF6903395F2568E6FBD2 /* JukeMacUITests.swift */ = {isa = PBXFileReference; lastKnownFileType = sourcecode.swift; path = JukeMacUITests.swift; sourceTree = "<group>"; };
		DD5050A2DECC13CCA305BD3D /* JukeMotion.swift */ = {isa = PBXFileReference; lastKnownFileType = sourcecode.swift; path = JukeMotion.swift; sourceTree = "<group>"; };
		E000DB5AF95A0C6D31FBDF35 /* JukeComponents.swift */ = {isa = PBXFileReference; lastKnownFileType = sourcecode.swift; path = JukeComponents.swift; sourceTree = "<group>"; };
		E28D66FE164ED9C481DDDBE2 /* session-summary-empty.json */ = {isa = PBXFileReference; lastKnownFileType = text.json; path = "session-summary-empty.json"; sourceTree = "<group>"; };
		E7A5326E7651FDD51AC8DD1D /* JukeMac.entitlements */ = {isa = PBXFileReference; lastKnownFileType = text.plist.entitlements; path = JukeMac.entitlements; sourceTree = "<group>"; };
		EAFCFDE0F3DB1934E6D3ECB1 /* MusicDetectionController.swift */ = {isa = PBXFileReference; lastKnownFileType = sourcecode.swift; path = MusicDetectionController.swift; sourceTree = "<group>"; };
		EDDFD76C2195202121C26721 /* JukeAPI.swift */ = {isa = PBXFileReference; lastKnownFileType = sourcecode.swift; path = JukeAPI.swift; sourceTree = "<group>"; };
		F1F82FDFFCD2046EEDDE12E4 /* SettingsView.swift */ = {isa = PBXFileReference; lastKnownFileType = sourcecode.swift; path = SettingsView.swift; sourceTree = "<group>"; };
		F4AC4B3714FECC82D783DCC8 /* MusicMemory.swift */ = {isa = PBXFileReference; lastKnownFileType = sourcecode.swift; path = MusicMemory.swift; sourceTree = "<group>"; };
		FAFEF2D0AB396B4CC78C311E /* JukeCoordinator.swift */ = {isa = PBXFileReference; lastKnownFileType = sourcecode.swift; path = JukeCoordinator.swift; sourceTree = "<group>"; };
		FEAAB753C2A4B7974593C201 /* JukeKeychain.swift */ = {isa = PBXFileReference; lastKnownFileType = sourcecode.swift; path = JukeKeychain.swift; sourceTree = "<group>"; };
/* End PBXFileReference section */

/* Begin PBXGroup section */
		01EDC93DD4AD47D9C1EA7518 /* Views */ = {
			isa = PBXGroup;
			children = (
				B21AA12B03CFDC325A4B0279 /* Chat */,
				C8E1DCBBEFE2DCF949B5AA00 /* Library */,
				6728C7C8A3A7A06DC957B2FE /* Memories */,
				47CCDD7E92BC1BC63BAA6889 /* NewStation */,
				3715FEBCD0C008E403683B57 /* Radio */,
				4A34F26F42A252CE21B8C965 /* Settings */,
				4B6427224C8F9F86946E854D /* Shared */,
				8B647B9AF7155771E0686A91 /* Shell */,
			);
			path = Views;
			sourceTree = "<group>";
		};
		034C6B1679550114A1E1A699 /* Design */ = {
			isa = PBXGroup;
			children = (
				886AEA3F54EF0EB3A8531890 /* JukeColor.swift */,
				E000DB5AF95A0C6D31FBDF35 /* JukeComponents.swift */,
				DD5050A2DECC13CCA305BD3D /* JukeMotion.swift */,
				1F6E92903C89485540D6D044 /* JukeTheme.swift */,
			);
			path = Design;
			sourceTree = "<group>";
		};
		09DDC4E7A77BBCDACD8CEE03 /* JukeMacTests */ = {
			isa = PBXGroup;
			children = (
				7A09D3AAD00B80241BB8D6B6 /* JukeAPITests.swift */,
				715D27259400E3BE5E230327 /* JukeFoundationTests.swift */,
				D27BFF3606228A69593CB096 /* MemoryMediaImportTests.swift */,
				04F9B19B7C78941BAD8FB64A /* MemoryPlaybackTests.swift */,
				035D391448A9CF9B3C28DFBC /* MemoryTests.swift */,
				81F428EF8F2ACADCAA275CE1 /* RecognizedTrackTests.swift */,
				4361B1DF629610550591FBD9 /* Fixtures */,
			);
			path = JukeMacTests;
			sourceTree = "<group>";
		};
		21CD93CAE835391D6676234C /* JukeMac */ = {
			isa = PBXGroup;
			children = (
				9362A6B3B5353DD4D0A760C1 /* Assets.xcassets */,
				51044B5F11349DAF26E70683 /* Info.plist */,
				E7A5326E7651FDD51AC8DD1D /* JukeMac.entitlements */,
				564FF5A1855D3549E8E20B60 /* App */,
				034C6B1679550114A1E1A699 /* Design */,
				C633A22F189653B7B4366965 /* Models */,
				DC7C57B11B7E4B8DE54AFFD4 /* Services */,
				B4D29C554E6C363A0B83C18B /* Settings */,
				01EDC93DD4AD47D9C1EA7518 /* Views */,
			);
			path = JukeMac;
			sourceTree = "<group>";
		};
		2A74DDC5C064918C190040DB /* Radio */ = {
			isa = PBXGroup;
			children = (
				70DC5C1F2824F512A8713590 /* crate.json */,
				23ABA178B0CCEBE6960890BA /* exclusion.json */,
				43A032D4B7B6D02F0D6928D5 /* next.json */,
				12C75F33A361E742EBA68EBE /* play.json */,
				5FE9913F81CECD1BC082DAA9 /* reactions-no-suggestion.json */,
				2B556DEDB0E4B68394D71564 /* reactions.json */,
				E28D66FE164ED9C481DDDBE2 /* session-summary-empty.json */,
				615DF70185A9ACE0747B288E /* session-summary.json */,
				C97A0D7D23C3BCD6A5D674C7 /* station.json */,
				12F7BA783F2A9C8A8FF0708C /* stations.json */,
			);
			path = Radio;
			sourceTree = "<group>";
		};
		3715FEBCD0C008E403683B57 /* Radio */ = {
			isa = PBXGroup;
			children = (
				117C21E15ED1D0503519D016 /* RadioScreen.swift */,
			);
			path = Radio;
			sourceTree = "<group>";
		};
		4361B1DF629610550591FBD9 /* Fixtures */ = {
			isa = PBXGroup;
			children = (
				2A74DDC5C064918C190040DB /* Radio */,
			);
			path = Fixtures;
			sourceTree = "<group>";
		};
		47CCDD7E92BC1BC63BAA6889 /* NewStation */ = {
			isa = PBXGroup;
			children = (
				98CCC8B5714C63463401E96D /* NewStationScreen.swift */,
			);
			path = NewStation;
			sourceTree = "<group>";
		};
		4A34F26F42A252CE21B8C965 /* Settings */ = {
			isa = PBXGroup;
			children = (
				F1F82FDFFCD2046EEDDE12E4 /* SettingsView.swift */,
			);
			path = Settings;
			sourceTree = "<group>";
		};
		4B6427224C8F9F86946E854D /* Shared */ = {
			isa = PBXGroup;
			children = (
				3D68D1983C2513C4EF84D8E4 /* NowPlayingBar.swift */,
			);
			path = Shared;
			sourceTree = "<group>";
		};
		52BD459FF9E01CB4768FFA2F /* API */ = {
			isa = PBXGroup;
			children = (
				EDDFD76C2195202121C26721 /* JukeAPI.swift */,
				C99AA589D8F887D305763287 /* JukeAPI+Radio.swift */,
				3946DE4A515B164F1429E133 /* JukeServer.swift */,
				386F3D9BC6E29835B1AEC007 /* RadioModels.swift */,
			);
			path = API;
			sourceTree = "<group>";
		};
		564FF5A1855D3549E8E20B60 /* App */ = {
			isa = PBXGroup;
			children = (
				401A3809A0EC7939C51D6422 /* AppModel.swift */,
				6CAF09AE4A4B5A8899CD0880 /* JukeApp.swift */,
				FAFEF2D0AB396B4CC78C311E /* JukeCoordinator.swift */,
				A74471EB5E903AF76CEBE674 /* JukeSection.swift */,
			);
			path = App;
			sourceTree = "<group>";
		};
		6728C7C8A3A7A06DC957B2FE /* Memories */ = {
			isa = PBXGroup;
			children = (
				418598041EAA5F8E1348B790 /* MemoriesScreen.swift */,
				A3FE04E17DA41AEA2D286703 /* MemoriesView.swift */,
				BE4D6EDC3D09791E898BBF1B /* MemoryComposerView.swift */,
				359692B2ECCF69904F7C119C /* MemoryJourneyIllustration.swift */,
			);
			path = Memories;
			sourceTree = "<group>";
		};
		822C8EB287941721D959D547 /* Config */ = {
			isa = PBXGroup;
			children = (
				C1DC76EC185E190AD15B0F84 /* PrivacyInfo.xcprivacy */,
			);
			path = Config;
			sourceTree = "<group>";
		};
		8B647B9AF7155771E0686A91 /* Shell */ = {
			isa = PBXGroup;
			children = (
				A2BE0D3AD19036BBAF3CB5C7 /* JukeHeader.swift */,
				D933934488CB278693589BC2 /* JukeRootView.swift */,
				7767787B9F17ADD821C89C30 /* MiniNowPlayingPill.swift */,
				4E2BF23683BD4B133A06EA3E /* SectionStage.swift */,
			);
			path = Shell;
			sourceTree = "<group>";
		};
		8FCA08E252B01B9C0AA08C7E /* Products */ = {
			isa = PBXGroup;
			children = (
				991A73B7F1308E3E69AE5FCF /* JukeMac.app */,
				87B99B6C1B4ADA888CF1DA15 /* JukeMacTests.xctest */,
				1837351E929B48F577DA4689 /* JukeMacUITests.xctest */,
			);
			name = Products;
			sourceTree = "<group>";
		};
		9B8661A59CE0E1341F33C14E /* JukeMacUITests */ = {
			isa = PBXGroup;
			children = (
				DD4BDF6903395F2568E6FBD2 /* JukeMacUITests.swift */,
			);
			path = JukeMacUITests;
			sourceTree = "<group>";
		};
		B21AA12B03CFDC325A4B0279 /* Chat */ = {
			isa = PBXGroup;
			children = (
				0D4CFDB56BA447FB382CF4CA /* ChatConversationView.swift */,
				60D68A1ACFB1780C5B871B81 /* ChatScreen.swift */,
			);
			path = Chat;
			sourceTree = "<group>";
		};
		B4D29C554E6C363A0B83C18B /* Settings */ = {
			isa = PBXGroup;
			children = (
				5ABC2C4225D0B0CACC6FA38A /* JukeSettings.swift */,
			);
			path = Settings;
			sourceTree = "<group>";
		};
		BFF608CA9933952F213DD469 = {
			isa = PBXGroup;
			children = (
				822C8EB287941721D959D547 /* Config */,
				21CD93CAE835391D6676234C /* JukeMac */,
				09DDC4E7A77BBCDACD8CEE03 /* JukeMacTests */,
				9B8661A59CE0E1341F33C14E /* JukeMacUITests */,
				8FCA08E252B01B9C0AA08C7E /* Products */,
			);
			sourceTree = "<group>";
		};
		C633A22F189653B7B4366965 /* Models */ = {
			isa = PBXGroup;
			children = (
				DC39AC4E020543A65AE25C13 /* CaptureSource.swift */,
				C4F5D1473FC91CB5DD887566 /* ChatMessage.swift */,
				87FD0686640271360D08EB4A /* JukeAccount.swift */,
				F4AC4B3714FECC82D783DCC8 /* MusicMemory.swift */,
				6DE5F3EBC37762088E6E760D /* RecognizedTrack.swift */,
			);
			path = Models;
			sourceTree = "<group>";
		};
		C8E1DCBBEFE2DCF949B5AA00 /* Library */ = {
			isa = PBXGroup;
			children = (
				04D30C2ACC81E97496850E7C /* DiscoverView.swift */,
				039C54098D8B6D33F4D1C456 /* LibraryScreen.swift */,
			);
			path = Library;
			sourceTree = "<group>";
		};
		DC7C57B11B7E4B8DE54AFFD4 /* Services */ = {
			isa = PBXGroup;
			children = (
				02C1570E38F238FA925D0BA4 /* AppLockController.swift */,
				A9805F0860E2332BCBAF6D33 /* ArtworkPalette.swift */,
				3C04E84629ADEBF6B30204E6 /* AudioActivityThrottle.swift */,
				A49920532700444B93FBCE47 /* AudioCaptureService.swift */,
				D4F4A3E42EC4497DF21EE812 /* CatalogClient.swift */,
				C7D2F8FF92EB403C45B82066 /* ChatVault.swift */,
				C92FEE71AB32B6637252BB8B /* JukeAuthenticationService.swift */,
				FEAAB753C2A4B7974593C201 /* JukeKeychain.swift */,
				D5639943CD2564B108F7906B /* LocalVibeIntelligence.swift */,
				BC1AE984ADE0F99CA87BD3E1 /* MemoryClient.swift */,
				B8010B4B5E4AC623DDE41F6E /* MemoryMediaImport.swift */,
				8A98A53C2911A8C10AC242F9 /* MemoryPhotoLibrary.swift */,
				7A8329594526A0737E582A6F /* MemoryStore.swift */,
				BEFE4BE4BDE260235E9A322B /* MicrophoneAudioCapture.swift */,
				EAFCFDE0F3DB1934E6D3ECB1 /* MusicDetectionController.swift */,
				20FA691EB290A34DFB0A6740 /* NeptuneVibeClient.swift */,
				879D18C4046A67324FCD8507 /* PlaybackClient.swift */,
				B9B905B776448D67D1BD9A18 /* PlayerMetadataMonitor.swift */,
				8A308AA24CEF86992E090F87 /* ShazamRecognizer.swift */,
				61EB7FC9B5F97310189A1F59 /* SystemAudioCapture.swift */,
				52BD459FF9E01CB4768FFA2F /* API */,
				E3DC6197B35382BCCDE7C4E9 /* Radio */,
			);
			path = Services;
			sourceTree = "<group>";
		};
		E3DC6197B35382BCCDE7C4E9 /* Radio */ = {
			isa = PBXGroup;
			children = (
				5FEBE6A9E78CF565442215B5 /* RadioController.swift */,
				5F1774747C96BC2991A88F17 /* RadioFixtures.swift */,
				16E5E0E2151EF2A254B79D6A /* RadioMath.swift */,
				D200410A3AD271D4ECBDB63B /* RadioServices.swift */,
			);
			path = Radio;
			sourceTree = "<group>";
		};
/* End PBXGroup section */

/* Begin PBXNativeTarget section */
		211698B812F28A37C9067823 /* JukeMacTests */ = {
			isa = PBXNativeTarget;
			buildConfigurationList = C02548FA5D12B6E69D19EA99 /* Build configuration list for PBXNativeTarget "JukeMacTests" */;
			buildPhases = (
				98AC602F34C2858E486499EA /* Sources */,
				C56FA1FAA386DB2859F900FE /* Resources */,
			);
			buildRules = (
			);
			dependencies = (
				EA1B7C794E326C624E939ECB /* PBXTargetDependency */,
			);
			name = JukeMacTests;
			packageProductDependencies = (
			);
			productName = JukeMacTests;
			productReference = 87B99B6C1B4ADA888CF1DA15 /* JukeMacTests.xctest */;
			productType = "com.apple.product-type.bundle.unit-test";
		};
		A84755FF6A287A00B61A52C4 /* JukeMacUITests */ = {
			isa = PBXNativeTarget;
			buildConfigurationList = 0AC020D50AAAD2641C94933C /* Build configuration list for PBXNativeTarget "JukeMacUITests" */;
			buildPhases = (
				93E3E38D3043156F64978DE5 /* Sources */,
			);
			buildRules = (
			);
			dependencies = (
				C50C076C7C9756E6DA9C0D6E /* PBXTargetDependency */,
			);
			name = JukeMacUITests;
			packageProductDependencies = (
			);
			productName = JukeMacUITests;
			productReference = 1837351E929B48F577DA4689 /* JukeMacUITests.xctest */;
			productType = "com.apple.product-type.bundle.ui-testing";
		};
		C03F8277F1BFFEC068CACDE0 /* JukeMac */ = {
			isa = PBXNativeTarget;
			buildConfigurationList = 4F00E001F0D62EF8EFC9DBD1 /* Build configuration list for PBXNativeTarget "JukeMac" */;
			buildPhases = (
				75FEB5458D5A3E0203821B6D /* Sources */,
				74FEFC73A314D5864E770D70 /* Resources */,
			);
			buildRules = (
			);
			dependencies = (
			);
			name = JukeMac;
			packageProductDependencies = (
			);
			productName = JukeMac;
			productReference = 991A73B7F1308E3E69AE5FCF /* JukeMac.app */;
			productType = "com.apple.product-type.application";
		};
/* End PBXNativeTarget section */

/* Begin PBXProject section */
		2F5797816B7340308BCA63B1 /* Project object */ = {
			isa = PBXProject;
			attributes = {
				BuildIndependentTargetsInParallel = YES;
				LastUpgradeCheck = 1430;
				TargetAttributes = {
					211698B812F28A37C9067823 = {
						DevelopmentTeam = 2WMS6785YD;
						ProvisioningStyle = Automatic;
					};
					A84755FF6A287A00B61A52C4 = {
						DevelopmentTeam = 2WMS6785YD;
						ProvisioningStyle = Automatic;
						TestTargetID = C03F8277F1BFFEC068CACDE0;
					};
					C03F8277F1BFFEC068CACDE0 = {
						DevelopmentTeam = 2WMS6785YD;
						ProvisioningStyle = Automatic;
					};
				};
			};
			buildConfigurationList = 18DAD4820F46EE8989410ECA /* Build configuration list for PBXProject "JukeMac" */;
			compatibilityVersion = "Xcode 14.0";
			developmentRegion = en;
			hasScannedForEncodings = 0;
			knownRegions = (
				Base,
				en,
			);
			mainGroup = BFF608CA9933952F213DD469;
			minimizedProjectReferenceProxies = 1;
			preferredProjectObjectVersion = 77;
			projectDirPath = "";
			projectRoot = "";
			targets = (
				C03F8277F1BFFEC068CACDE0 /* JukeMac */,
				211698B812F28A37C9067823 /* JukeMacTests */,
				A84755FF6A287A00B61A52C4 /* JukeMacUITests */,
			);
		};
/* End PBXProject section */

/* Begin PBXResourcesBuildPhase section */
		74FEFC73A314D5864E770D70 /* Resources */ = {
			isa = PBXResourcesBuildPhase;
			buildActionMask = 2147483647;
			files = (
				8B866413DEB4C665316507A5 /* Assets.xcassets in Resources */,
				36F265FD477B5028BA27F8B8 /* PrivacyInfo.xcprivacy in Resources */,
			);
			runOnlyForDeploymentPostprocessing = 0;
		};
		C56FA1FAA386DB2859F900FE /* Resources */ = {
			isa = PBXResourcesBuildPhase;
			buildActionMask = 2147483647;
			files = (
				0F5DD1430CB63B6D17E26843 /* crate.json in Resources */,
				22814A9562C3C5DB4F9C7085 /* exclusion.json in Resources */,
				395A665CF7551C19CA39514B /* next.json in Resources */,
				DFD5018F91E2143B1B1BD904 /* play.json in Resources */,
				DE381AB7C3D5CFE9569518F6 /* reactions-no-suggestion.json in Resources */,
				057F2E412B87BC91EADB110C /* reactions.json in Resources */,
				50805F513CCF25E50C0D144D /* session-summary-empty.json in Resources */,
				37D90B800AC3270FC43E6E62 /* session-summary.json in Resources */,
				6B8D6792A84587C5126550CD /* station.json in Resources */,
				81F70F503C1003890A6BEE16 /* stations.json in Resources */,
			);
			runOnlyForDeploymentPostprocessing = 0;
		};
/* End PBXResourcesBuildPhase section */

/* Begin PBXSourcesBuildPhase section */
		75FEB5458D5A3E0203821B6D /* Sources */ = {
			isa = PBXSourcesBuildPhase;
			buildActionMask = 2147483647;
			files = (
				49639B00ED842410132B8C39 /* AppLockController.swift in Sources */,
				DBC1AFD90E45263CA74B1E83 /* AppModel.swift in Sources */,
				E62D245EB95D3806388FBF44 /* ArtworkPalette.swift in Sources */,
				70A2868FB462438D8672C74B /* AudioActivityThrottle.swift in Sources */,
				9C54315C9A63B0395E3E59F9 /* AudioCaptureService.swift in Sources */,
				1B4B9139E0F0B6BF406EC942 /* CaptureSource.swift in Sources */,
				952BAA56CDEDE0230B1DB9AC /* CatalogClient.swift in Sources */,
				C2347B7232ABE420C66CB97A /* ChatConversationView.swift in Sources */,
				18F0DEA51D9A7888C707A212 /* ChatMessage.swift in Sources */,
				A75BF998D620A44588F1201B /* ChatScreen.swift in Sources */,
				47437C814A6D76C2F0C34136 /* ChatVault.swift in Sources */,
				BAD995D4F45453D21570420C /* DiscoverView.swift in Sources */,
				6A4283E6B6F9569B2A3E5590 /* JukeAPI+Radio.swift in Sources */,
				C47107D9A4D9CFABB0C71ACE /* JukeAPI.swift in Sources */,
				C1B9C5B94A10BB206C915356 /* JukeAccount.swift in Sources */,
				34EE589B1BBF41779E6D5531 /* JukeApp.swift in Sources */,
				61C792E35DBFF346134825E0 /* JukeAuthenticationService.swift in Sources */,
				9250F5A992C37AEF428C5E75 /* JukeColor.swift in Sources */,
				E1D68082B078695CF0E1128D /* JukeComponents.swift in Sources */,
				ADF9AA08788C2F06E108ED6B /* JukeCoordinator.swift in Sources */,
				466B8FA1349719B5AFAF1B98 /* JukeHeader.swift in Sources */,
				D0EE1ABF89BD1CB55DDDF1B2 /* JukeKeychain.swift in Sources */,
				32C66AA334669CC8DA2F788F /* JukeMotion.swift in Sources */,
				B8E10099E4845D1F6474F776 /* JukeRootView.swift in Sources */,
				4583FB7AA5D4DC87040CF985 /* JukeSection.swift in Sources */,
				544589FF303AC94AF326A837 /* JukeServer.swift in Sources */,
				4C6F0AA7FD6C50F4DEB1ECF4 /* JukeSettings.swift in Sources */,
				4D4BB5C2A97A3EBA8376EC36 /* JukeTheme.swift in Sources */,
				31A43B227BF505B45DF9BB31 /* LibraryScreen.swift in Sources */,
				6C44A0F3E302EDC1887366F0 /* LocalVibeIntelligence.swift in Sources */,
				144076703D193162A52AC012 /* MemoriesScreen.swift in Sources */,
				AADBF68B2914041043A16D2D /* MemoriesView.swift in Sources */,
				7417A2100C92E758F2FA6F6C /* MemoryClient.swift in Sources */,
				DEB7DBE6A138C81CCC21A2B2 /* MemoryComposerView.swift in Sources */,
				4FE1669A58E3CA7A69D20BAD /* MemoryJourneyIllustration.swift in Sources */,
				DF5D2D687BA1A5D810564469 /* MemoryMediaImport.swift in Sources */,
				50296474248066D4FB6AE690 /* MemoryPhotoLibrary.swift in Sources */,
				0FFD13BF760359CFBAF60468 /* MemoryStore.swift in Sources */,
				2E6EEFB11E52B1899EAF412F /* MicrophoneAudioCapture.swift in Sources */,
				62B9466A3ADA5CDAF5DC3E72 /* MiniNowPlayingPill.swift in Sources */,
				91FFA7DFACA1D64B54EE8574 /* MusicDetectionController.swift in Sources */,
				67CA1C22AC991066C00C97FF /* MusicMemory.swift in Sources */,
				E42200448BA9424A6CBEEF5F /* NeptuneVibeClient.swift in Sources */,
				86C6B7E0AC87C7FBA88F646F /* NewStationScreen.swift in Sources */,
				19DBDCBABF318DC6AB4E11FC /* NowPlayingBar.swift in Sources */,
				98EF1AA0310D5334FB8DFBFB /* PlaybackClient.swift in Sources */,
				F6FB8A898B8A1065DE8FF87C /* PlayerMetadataMonitor.swift in Sources */,
				44095BBE9F68E86BA4816917 /* RadioController.swift in Sources */,
				9118F7756810C8B938341980 /* RadioFixtures.swift in Sources */,
				56378172E14AE80359AB6611 /* RadioMath.swift in Sources */,
				03490701C707AB79034A41EE /* RadioModels.swift in Sources */,
				98C571A7E4BCA575F18F2186 /* RadioScreen.swift in Sources */,
				26636B9AC5231BEF7F7CCD51 /* RadioServices.swift in Sources */,
				E7A0A3502FCEA9C36EEB728D /* RecognizedTrack.swift in Sources */,
				80B05F2C749286111165B866 /* SectionStage.swift in Sources */,
				9A50201F9DC93258E180A71B /* SettingsView.swift in Sources */,
				10861E398DDF098EAFD61163 /* ShazamRecognizer.swift in Sources */,
				A5109EF468FFAFE0F0291DC4 /* SystemAudioCapture.swift in Sources */,
			);
			runOnlyForDeploymentPostprocessing = 0;
		};
		93E3E38D3043156F64978DE5 /* Sources */ = {
			isa = PBXSourcesBuildPhase;
			buildActionMask = 2147483647;
			files = (
				CE6EF155F32D6DD752E0B59A /* JukeMacUITests.swift in Sources */,
			);
			runOnlyForDeploymentPostprocessing = 0;
		};
		98AC602F34C2858E486499EA /* Sources */ = {
			isa = PBXSourcesBuildPhase;
			buildActionMask = 2147483647;
			files = (
				08418671DFAB336518960D2F /* JukeAPITests.swift in Sources */,
				EBD556D7A00B6B327CEF8A9A /* JukeFoundationTests.swift in Sources */,
				9C2C1A5768AED1464A3DD401 /* MemoryMediaImportTests.swift in Sources */,
				3DB7F1A1DCD03FBFEE51014C /* MemoryPlaybackTests.swift in Sources */,
				043074939A0160872E092062 /* MemoryTests.swift in Sources */,
				124D6E91A163F2BBFF997B27 /* RecognizedTrackTests.swift in Sources */,
			);
			runOnlyForDeploymentPostprocessing = 0;
		};
/* End PBXSourcesBuildPhase section */

/* Begin PBXTargetDependency section */
		C50C076C7C9756E6DA9C0D6E /* PBXTargetDependency */ = {
			isa = PBXTargetDependency;
			target = C03F8277F1BFFEC068CACDE0 /* JukeMac */;
			targetProxy = 063BDC77029BA0CAE6E6701D /* PBXContainerItemProxy */;
		};
		EA1B7C794E326C624E939ECB /* PBXTargetDependency */ = {
			isa = PBXTargetDependency;
			target = C03F8277F1BFFEC068CACDE0 /* JukeMac */;
			targetProxy = 7C8352C0B8148C1E09719BEB /* PBXContainerItemProxy */;
		};
/* End PBXTargetDependency section */

/* Begin XCBuildConfiguration section */
		0A82236716FE8E1E96EE2D6F /* Debug */ = {
			isa = XCBuildConfiguration;
			buildSettings = {
				BUNDLE_LOADER = "$(TEST_HOST)";
				COMBINE_HIDPI_IMAGES = YES;
				GENERATE_INFOPLIST_FILE = YES;
				LD_RUNPATH_SEARCH_PATHS = (
					"$(inherited)",
					"@executable_path/Frameworks",
					"@loader_path/Frameworks",
				);
				PRODUCT_BUNDLE_IDENTIFIER = com.juke.mac.uitests;
				SDKROOT = macosx;
				SWIFT_STRICT_CONCURRENCY = complete;
				TEST_TARGET_NAME = JukeMac;
			};
			name = Debug;
		};
		109ED95DDA989BB798E181C5 /* Debug */ = {
			isa = XCBuildConfiguration;
			buildSettings = {
				BUNDLE_LOADER = "$(TEST_HOST)";
				COMBINE_HIDPI_IMAGES = YES;
				GENERATE_INFOPLIST_FILE = YES;
				LD_RUNPATH_SEARCH_PATHS = (
					"$(inherited)",
					"@executable_path/../Frameworks",
					"@loader_path/../Frameworks",
				);
				PRODUCT_BUNDLE_IDENTIFIER = com.juke.mac.tests;
				SDKROOT = macosx;
				SWIFT_STRICT_CONCURRENCY = complete;
				TEST_HOST = "$(BUILT_PRODUCTS_DIR)/Juke.app/Contents/MacOS/Juke";
			};
			name = Debug;
		};
		4E69BF65A2DDE260ADA79C38 /* Release */ = {
			isa = XCBuildConfiguration;
			buildSettings = {
				ASSETCATALOG_COMPILER_APPICON_NAME = AppIcon;
				CODE_SIGN_ENTITLEMENTS = JukeMac/JukeMac.entitlements;
				COMBINE_HIDPI_IMAGES = YES;
				ENABLE_APP_SANDBOX = YES;
				ENABLE_HARDENED_RUNTIME = YES;
				GENERATE_INFOPLIST_FILE = NO;
				INFOPLIST_FILE = JukeMac/Info.plist;
				LD_RUNPATH_SEARCH_PATHS = (
					"$(inherited)",
					"@executable_path/../Frameworks",
				);
				PRODUCT_BUNDLE_IDENTIFIER = com.juke.mac;
				PRODUCT_NAME = Juke;
				SDKROOT = macosx;
				SWIFT_STRICT_CONCURRENCY = complete;
			};
			name = Release;
		};
		59EC6E20C829A10BEE845739 /* Debug */ = {
			isa = XCBuildConfiguration;
			buildSettings = {
				ALWAYS_SEARCH_USER_PATHS = NO;
				CLANG_ANALYZER_NONNULL = YES;
				CLANG_ANALYZER_NUMBER_OBJECT_CONVERSION = YES_AGGRESSIVE;
				CLANG_CXX_LANGUAGE_STANDARD = "gnu++14";
				CLANG_CXX_LIBRARY = "libc++";
				CLANG_ENABLE_MODULES = YES;
				CLANG_ENABLE_OBJC_ARC = YES;
				CLANG_ENABLE_OBJC_WEAK = YES;
				CLANG_WARN_BLOCK_CAPTURE_AUTORELEASING = YES;
				CLANG_WARN_BOOL_CONVERSION = YES;
				CLANG_WARN_COMMA = YES;
				CLANG_WARN_CONSTANT_CONVERSION = YES;
				CLANG_WARN_DEPRECATED_OBJC_IMPLEMENTATIONS = YES;
				CLANG_WARN_DIRECT_OBJC_ISA_USAGE = YES_ERROR;
				CLANG_WARN_DOCUMENTATION_COMMENTS = YES;
				CLANG_WARN_EMPTY_BODY = YES;
				CLANG_WARN_ENUM_CONVERSION = YES;
				CLANG_WARN_INFINITE_RECURSION = YES;
				CLANG_WARN_INT_CONVERSION = YES;
				CLANG_WARN_NON_LITERAL_NULL_CONVERSION = YES;
				CLANG_WARN_OBJC_IMPLICIT_RETAIN_SELF = YES;
				CLANG_WARN_OBJC_LITERAL_CONVERSION = YES;
				CLANG_WARN_OBJC_ROOT_CLASS = YES_ERROR;
				CLANG_WARN_QUOTED_INCLUDE_IN_FRAMEWORK_HEADER = YES;
				CLANG_WARN_RANGE_LOOP_ANALYSIS = YES;
				CLANG_WARN_STRICT_PROTOTYPES = YES;
				CLANG_WARN_SUSPICIOUS_MOVE = YES;
				CLANG_WARN_UNGUARDED_AVAILABILITY = YES_AGGRESSIVE;
				CLANG_WARN_UNREACHABLE_CODE = YES;
				CLANG_WARN__DUPLICATE_METHOD_MATCH = YES;
				CODE_SIGN_STYLE = Automatic;
				COPY_PHASE_STRIP = NO;
				CURRENT_PROJECT_VERSION = 1;
				DEBUG_INFORMATION_FORMAT = dwarf;
				DEVELOPMENT_TEAM = 2WMS6785YD;
				ENABLE_STRICT_OBJC_MSGSEND = YES;
				ENABLE_TESTABILITY = YES;
				GCC_C_LANGUAGE_STANDARD = gnu11;
				GCC_DYNAMIC_NO_PIC = NO;
				GCC_NO_COMMON_BLOCKS = YES;
				GCC_OPTIMIZATION_LEVEL = 0;
				GCC_PREPROCESSOR_DEFINITIONS = (
					"$(inherited)",
					"DEBUG=1",
				);
				GCC_WARN_64_TO_32_BIT_CONVERSION = YES;
				GCC_WARN_ABOUT_RETURN_TYPE = YES_ERROR;
				GCC_WARN_UNDECLARED_SELECTOR = YES;
				GCC_WARN_UNINITIALIZED_AUTOS = YES_AGGRESSIVE;
				GCC_WARN_UNUSED_FUNCTION = YES;
				GCC_WARN_UNUSED_VARIABLE = YES;
				MACOSX_DEPLOYMENT_TARGET = 26.0;
				MARKETING_VERSION = 0.2.0;
				MTL_ENABLE_DEBUG_INFO = INCLUDE_SOURCE;
				MTL_FAST_MATH = YES;
				ONLY_ACTIVE_ARCH = YES;
				PRODUCT_NAME = "$(TARGET_NAME)";
				SDKROOT = macosx;
				SWIFT_ACTIVE_COMPILATION_CONDITIONS = DEBUG;
				SWIFT_OPTIMIZATION_LEVEL = "-Onone";
				SWIFT_VERSION = 6.0;
			};
			name = Debug;
		};
		68CB549270A266EEFB65BA9B /* Release */ = {
			isa = XCBuildConfiguration;
			buildSettings = {
				BUNDLE_LOADER = "$(TEST_HOST)";
				COMBINE_HIDPI_IMAGES = YES;
				GENERATE_INFOPLIST_FILE = YES;
				LD_RUNPATH_SEARCH_PATHS = (
					"$(inherited)",
					"@executable_path/Frameworks",
					"@loader_path/Frameworks",
				);
				PRODUCT_BUNDLE_IDENTIFIER = com.juke.mac.uitests;
				SDKROOT = macosx;
				SWIFT_STRICT_CONCURRENCY = complete;
				TEST_TARGET_NAME = JukeMac;
			};
			name = Release;
		};
		A31C16510BC0F510D22F630A /* Release */ = {
			isa = XCBuildConfiguration;
			buildSettings = {
				BUNDLE_LOADER = "$(TEST_HOST)";
				COMBINE_HIDPI_IMAGES = YES;
				GENERATE_INFOPLIST_FILE = YES;
				LD_RUNPATH_SEARCH_PATHS = (
					"$(inherited)",
					"@executable_path/../Frameworks",
					"@loader_path/../Frameworks",
				);
				PRODUCT_BUNDLE_IDENTIFIER = com.juke.mac.tests;
				SDKROOT = macosx;
				SWIFT_STRICT_CONCURRENCY = complete;
				TEST_HOST = "$(BUILT_PRODUCTS_DIR)/Juke.app/Contents/MacOS/Juke";
			};
			name = Release;
		};
		C7C799167F1E1CFE6370B0FE /* Debug */ = {
			isa = XCBuildConfiguration;
			buildSettings = {
				ASSETCATALOG_COMPILER_APPICON_NAME = AppIcon;
				CODE_SIGN_ENTITLEMENTS = JukeMac/JukeMac.entitlements;
				COMBINE_HIDPI_IMAGES = YES;
				ENABLE_APP_SANDBOX = YES;
				ENABLE_HARDENED_RUNTIME = YES;
				GENERATE_INFOPLIST_FILE = NO;
				INFOPLIST_FILE = JukeMac/Info.plist;
				LD_RUNPATH_SEARCH_PATHS = (
					"$(inherited)",
					"@executable_path/../Frameworks",
				);
				PRODUCT_BUNDLE_IDENTIFIER = com.juke.mac;
				PRODUCT_NAME = Juke;
				SDKROOT = macosx;
				SWIFT_STRICT_CONCURRENCY = complete;
			};
			name = Debug;
		};
		FE06BBA136D7126AF3C8B2A0 /* Release */ = {
			isa = XCBuildConfiguration;
			buildSettings = {
				ALWAYS_SEARCH_USER_PATHS = NO;
				CLANG_ANALYZER_NONNULL = YES;
				CLANG_ANALYZER_NUMBER_OBJECT_CONVERSION = YES_AGGRESSIVE;
				CLANG_CXX_LANGUAGE_STANDARD = "gnu++14";
				CLANG_CXX_LIBRARY = "libc++";
				CLANG_ENABLE_MODULES = YES;
				CLANG_ENABLE_OBJC_ARC = YES;
				CLANG_ENABLE_OBJC_WEAK = YES;
				CLANG_WARN_BLOCK_CAPTURE_AUTORELEASING = YES;
				CLANG_WARN_BOOL_CONVERSION = YES;
				CLANG_WARN_COMMA = YES;
				CLANG_WARN_CONSTANT_CONVERSION = YES;
				CLANG_WARN_DEPRECATED_OBJC_IMPLEMENTATIONS = YES;
				CLANG_WARN_DIRECT_OBJC_ISA_USAGE = YES_ERROR;
				CLANG_WARN_DOCUMENTATION_COMMENTS = YES;
				CLANG_WARN_EMPTY_BODY = YES;
				CLANG_WARN_ENUM_CONVERSION = YES;
				CLANG_WARN_INFINITE_RECURSION = YES;
				CLANG_WARN_INT_CONVERSION = YES;
				CLANG_WARN_NON_LITERAL_NULL_CONVERSION = YES;
				CLANG_WARN_OBJC_IMPLICIT_RETAIN_SELF = YES;
				CLANG_WARN_OBJC_LITERAL_CONVERSION = YES;
				CLANG_WARN_OBJC_ROOT_CLASS = YES_ERROR;
				CLANG_WARN_QUOTED_INCLUDE_IN_FRAMEWORK_HEADER = YES;
				CLANG_WARN_RANGE_LOOP_ANALYSIS = YES;
				CLANG_WARN_STRICT_PROTOTYPES = YES;
				CLANG_WARN_SUSPICIOUS_MOVE = YES;
				CLANG_WARN_UNGUARDED_AVAILABILITY = YES_AGGRESSIVE;
				CLANG_WARN_UNREACHABLE_CODE = YES;
				CLANG_WARN__DUPLICATE_METHOD_MATCH = YES;
				CODE_SIGN_STYLE = Automatic;
				COPY_PHASE_STRIP = NO;
				CURRENT_PROJECT_VERSION = 1;
				DEBUG_INFORMATION_FORMAT = "dwarf-with-dsym";
				DEVELOPMENT_TEAM = 2WMS6785YD;
				ENABLE_NS_ASSERTIONS = NO;
				ENABLE_STRICT_OBJC_MSGSEND = YES;
				GCC_C_LANGUAGE_STANDARD = gnu11;
				GCC_NO_COMMON_BLOCKS = YES;
				GCC_WARN_64_TO_32_BIT_CONVERSION = YES;
				GCC_WARN_ABOUT_RETURN_TYPE = YES_ERROR;
				GCC_WARN_UNDECLARED_SELECTOR = YES;
				GCC_WARN_UNINITIALIZED_AUTOS = YES_AGGRESSIVE;
				GCC_WARN_UNUSED_FUNCTION = YES;
				GCC_WARN_UNUSED_VARIABLE = YES;
				MACOSX_DEPLOYMENT_TARGET = 26.0;
				MARKETING_VERSION = 0.2.0;
				MTL_ENABLE_DEBUG_INFO = NO;
				MTL_FAST_MATH = YES;
				PRODUCT_NAME = "$(TARGET_NAME)";
				SDKROOT = macosx;
				SWIFT_COMPILATION_MODE = wholemodule;
				SWIFT_OPTIMIZATION_LEVEL = "-O";
				SWIFT_VERSION = 6.0;
			};
			name = Release;
		};
/* End XCBuildConfiguration section */

/* Begin XCConfigurationList section */
		0AC020D50AAAD2641C94933C /* Build configuration list for PBXNativeTarget "JukeMacUITests" */ = {
			isa = XCConfigurationList;
			buildConfigurations = (
				0A82236716FE8E1E96EE2D6F /* Debug */,
				68CB549270A266EEFB65BA9B /* Release */,
			);
			defaultConfigurationIsVisible = 0;
			defaultConfigurationName = Debug;
		};
		18DAD4820F46EE8989410ECA /* Build configuration list for PBXProject "JukeMac" */ = {
			isa = XCConfigurationList;
			buildConfigurations = (
				59EC6E20C829A10BEE845739 /* Debug */,
				FE06BBA136D7126AF3C8B2A0 /* Release */,
			);
			defaultConfigurationIsVisible = 0;
			defaultConfigurationName = Debug;
		};
		4F00E001F0D62EF8EFC9DBD1 /* Build configuration list for PBXNativeTarget "JukeMac" */ = {
			isa = XCConfigurationList;
			buildConfigurations = (
				C7C799167F1E1CFE6370B0FE /* Debug */,
				4E69BF65A2DDE260ADA79C38 /* Release */,
			);
			defaultConfigurationIsVisible = 0;
			defaultConfigurationName = Debug;
		};
		C02548FA5D12B6E69D19EA99 /* Build configuration list for PBXNativeTarget "JukeMacTests" */ = {
			isa = XCConfigurationList;
			buildConfigurations = (
				109ED95DDA989BB798E181C5 /* Debug */,
				A31C16510BC0F510D22F630A /* Release */,
			);
			defaultConfigurationIsVisible = 0;
			defaultConfigurationName = Debug;
		};
/* End XCConfigurationList section */
	};
	rootObject = 2F5797816B7340308BCA63B1 /* Project object */;
}
