// !$*UTF8*$!
{
	archiveVersion = 1;
	classes = {
	};
	objectVersion = 77;
	objects = {

/* Begin PBXBuildFile section */
		02C69B68631727CB958F5416 /* JukeIOSApp.swift in Sources */ = {isa = PBXBuildFile; fileRef = 60266979CF11E51BEEF9A668 /* JukeIOSApp.swift */; };
		06879E0C5ADC4F19E36FEE1B /* VibeAppModel.swift in Sources */ = {isa = PBXBuildFile; fileRef = 88817C4485CCB70C2BB52469 /* VibeAppModel.swift */; };
		0BD611C2CDDD3A9874B788C1 /* RadioServices.swift in Sources */ = {isa = PBXBuildFile; fileRef = 7A865B110B41CA3A2C7C892A /* RadioServices.swift */; };
		0D778A49B37E90F4EC1D3354 /* MemoryPlayer.swift in Sources */ = {isa = PBXBuildFile; fileRef = D9A80EB926BAA892A1457707 /* MemoryPlayer.swift */; };
		0E5AC56E1EC43F88811BED56 /* JukeServer.swift in Sources */ = {isa = PBXBuildFile; fileRef = A07F1C2B3F3260E5CBB51C7B /* JukeServer.swift */; };
		0EB5287095379CC1794F0356 /* MemoryDeck.swift in Sources */ = {isa = PBXBuildFile; fileRef = 0940A72B99A999DD1EB4C2F8 /* MemoryDeck.swift */; };
		11F967B98A0B336643B71556 /* MemoryThumbnail.swift in Sources */ = {isa = PBXBuildFile; fileRef = 03F1CCCA7A4D4A7FC2BE4CB1 /* MemoryThumbnail.swift */; };
		154696631ECAA3BCC8750019 /* LocalVibeIntelligence.swift in Sources */ = {isa = PBXBuildFile; fileRef = 3C46B8ED4337270D4245BB5C /* LocalVibeIntelligence.swift */; };
		19FF0E52C7D2BA7AC86A8E26 /* PlayerTransportTests.swift in Sources */ = {isa = PBXBuildFile; fileRef = FD9E856A64A35C68E329B15E /* PlayerTransportTests.swift */; };
		1B1D65CAF628ECD7BAF765A9 /* VibeAPI.swift in Sources */ = {isa = PBXBuildFile; fileRef = 5E6A8BDAFD0900B4B4266600 /* VibeAPI.swift */; };
		1BD8769844187145B8815322 /* VibeBackgroundGlowTests.swift in Sources */ = {isa = PBXBuildFile; fileRef = 8239F90A43E27AF281B3A1E7 /* VibeBackgroundGlowTests.swift */; };
		1E762619BB115E55CDDEDCDB /* RadioController.swift in Sources */ = {isa = PBXBuildFile; fileRef = FC1600417C1EC83B8F8C5C95 /* RadioController.swift */; };
		1FC2CF7C1B532774B2C6AFAA /* MemoryThumbnailTests.swift in Sources */ = {isa = PBXBuildFile; fileRef = 67FCB93FD26FE75A6E12C695 /* MemoryThumbnailTests.swift */; };
		21DADBF58AF3CBBE7EE901AC /* DetailViewsUITests.swift in Sources */ = {isa = PBXBuildFile; fileRef = 97E6ACACF993D84F976A6324 /* DetailViewsUITests.swift */; };
		22444B3FE6FED102104A636A /* NewStationScreen.swift in Sources */ = {isa = PBXBuildFile; fileRef = C62ADD8FEB0B5C2C7FC2CAFC /* NewStationScreen.swift */; };
		27BBC41638BE52E6B6CC56AD /* RadioScreen.swift in Sources */ = {isa = PBXBuildFile; fileRef = 1E86866E5F50638D1FCDE22A /* RadioScreen.swift */; };
		283E2E8E68AE83D8E8A3F1A3 /* JukeMotion.swift in Sources */ = {isa = PBXBuildFile; fileRef = 59ED2F926D09F8FD2B2F2C41 /* JukeMotion.swift */; };
		2C4916F55B5BD149752EFEAB /* ArtistCatalogModel.swift in Sources */ = {isa = PBXBuildFile; fileRef = BD896CEBD9967BDB870F0073 /* ArtistCatalogModel.swift */; };
		2E0684CF19E54679456ECCB9 /* MusicMemory.swift in Sources */ = {isa = PBXBuildFile; fileRef = 806E45185EB177301D43ABDF /* MusicMemory.swift */; };
		2E69789D3FFAC2A63810EE2F /* LibraryBrowsing.swift in Sources */ = {isa = PBXBuildFile; fileRef = D07AD88AFE1EDB2AED9BDFCB /* LibraryBrowsing.swift */; };
		2FCA463DA58FA4D7BB4301AA /* ChatView.swift in Sources */ = {isa = PBXBuildFile; fileRef = 092D40DEB3455076B1EF8019 /* ChatView.swift */; };
		328964FEF837CC98AFB985C1 /* MemoryPlayerTests.swift in Sources */ = {isa = PBXBuildFile; fileRef = 42915386CA789075FD4325A1 /* MemoryPlayerTests.swift */; };
		3593715165E76A912A212C48 /* MemoryJourneyFlowTests.swift in Sources */ = {isa = PBXBuildFile; fileRef = B363F576A7DAAA85D29385C9 /* MemoryJourneyFlowTests.swift */; };
		3DC791D3A1EBD53CFDE41860 /* NewStationWizardTests.swift in Sources */ = {isa = PBXBuildFile; fileRef = 8D681A1EF35659F11A9519B7 /* NewStationWizardTests.swift */; };
		3EE939F898879EF316C15867 /* RadioFixtures.swift in Sources */ = {isa = PBXBuildFile; fileRef = 7D3CF032BFA0B09411D0D144 /* RadioFixtures.swift */; };
		3F25DD23765E9AD578032E19 /* ArtworkPalette.swift in Sources */ = {isa = PBXBuildFile; fileRef = 5AF36F6FBDFC81079CD29354 /* ArtworkPalette.swift */; };
		4AC98C0DFF8412F697AAB101 /* PlaybackClient.swift in Sources */ = {isa = PBXBuildFile; fileRef = 57FE559BAC09BB81E1E8FE02 /* PlaybackClient.swift */; };
		4D3DBFBF0A0681FAE675E15B /* RadioLayoutTests.swift in Sources */ = {isa = PBXBuildFile; fileRef = 4E2C68B40CE5764B9801DEE5 /* RadioLayoutTests.swift */; };
		51C1AA76A9E7B6C6DC9F70CE /* LibraryScreen.swift in Sources */ = {isa = PBXBuildFile; fileRef = 232321C24A61172302B65A98 /* LibraryScreen.swift */; };
		549DBA54BE005F15E2E66A6B /* AppConfigurationTests.swift in Sources */ = {isa = PBXBuildFile; fileRef = EE582E003D53E3852308ECD5 /* AppConfigurationTests.swift */; };
		55BF6C28C2BECC020CFAD031 /* AppLockController.swift in Sources */ = {isa = PBXBuildFile; fileRef = 76C23B3E7823A358F8612D54 /* AppLockController.swift */; };
		5624E669EAC7D1505FC2A8D1 /* MemoryJourneyFlow.swift in Sources */ = {isa = PBXBuildFile; fileRef = D1D281CD5C7E68083E03D47C /* MemoryJourneyFlow.swift */; };
		56686781876F76D3D38ADC00 /* MemoryDeleteUITests.swift in Sources */ = {isa = PBXBuildFile; fileRef = 2576EC178339ABDDB4BA7787 /* MemoryDeleteUITests.swift */; };
		5ECC130493F920D5AAAD21A3 /* StationSheet.swift in Sources */ = {isa = PBXBuildFile; fileRef = 352AD2D41149E314BCF53B22 /* StationSheet.swift */; };
		5FD393298D1CDDB5D566F312 /* PlayerTransport.swift in Sources */ = {isa = PBXBuildFile; fileRef = DE8CA0BE72A512BDC29D8FE4 /* PlayerTransport.swift */; };
		681338CCC3C1F23F209B4F2B /* MemoryDeckView.swift in Sources */ = {isa = PBXBuildFile; fileRef = 7A3BE8AF36561434806D8427 /* MemoryDeckView.swift */; };
		6A0BFCCEA0861C90AF932817 /* ArtistDetailView.swift in Sources */ = {isa = PBXBuildFile; fileRef = 99F28EAC9A19F28DA75A4D4B /* ArtistDetailView.swift */; };
		6A1597151175F2E7FF5762AA /* NowPlayingObserver.swift in Sources */ = {isa = PBXBuildFile; fileRef = 6D3B28E1738FD3C142DE10D3 /* NowPlayingObserver.swift */; };
		6CC49D535058A46A590CF5EB /* MemoryJourneyView.swift in Sources */ = {isa = PBXBuildFile; fileRef = 72B437354B0BA8E7E0D426CA /* MemoryJourneyView.swift */; };
		6D20F70B129866D039D2DAEA /* NewStationWizard.swift in Sources */ = {isa = PBXBuildFile; fileRef = F5ADA8C63A3CE86D20E5B624 /* NewStationWizard.swift */; };
		6D415674CB2DDE9EFE322B03 /* JukeCoordinator.swift in Sources */ = {isa = PBXBuildFile; fileRef = B6383544D37932CFD215F77A /* JukeCoordinator.swift */; };
		6D96BA3019B1C50EE594A0BD /* FMDialView.swift in Sources */ = {isa = PBXBuildFile; fileRef = BF764F2CA5B5785D08B7D0D7 /* FMDialView.swift */; };
		6E54B4EC1CF2AFEC65C90E4A /* JukeAppTests.swift in Sources */ = {isa = PBXBuildFile; fileRef = 38EE2CF7AB19F90E21A2AE8E /* JukeAppTests.swift */; };
		711938BFC51755C8A89492C1 /* PlaybackAuthTests.swift in Sources */ = {isa = PBXBuildFile; fileRef = BBB5EC0C699F85EFAA959DF0 /* PlaybackAuthTests.swift */; };
		714A95CFE724B8762319F30E /* MemoryNextUITests.swift in Sources */ = {isa = PBXBuildFile; fileRef = 9111D71A59A65401665C685B /* MemoryNextUITests.swift */; };
		75D84F411441E54FE0D26DB3 /* VibeModels.swift in Sources */ = {isa = PBXBuildFile; fileRef = 628CA194523D30AE524DD80A /* VibeModels.swift */; };
		7C931625891092023F2D4A39 /* LibraryBrowsingTests.swift in Sources */ = {isa = PBXBuildFile; fileRef = 6D392B09370219D7584F3E95 /* LibraryBrowsingTests.swift */; };
		7DF9D167C038C306A0E9CBC0 /* AlbumDetailView.swift in Sources */ = {isa = PBXBuildFile; fileRef = ECDC1DCB585829460C3267E6 /* AlbumDetailView.swift */; };
		83BA564234CF6E364266DA57 /* PrivacyWindow.swift in Sources */ = {isa = PBXBuildFile; fileRef = D0A406F1C52A2B99310D5669 /* PrivacyWindow.swift */; };
		8527E4EFED2240A4B7F648CD /* MemoryDetailView.swift in Sources */ = {isa = PBXBuildFile; fileRef = 257E9C53316074FCA6FB3A67 /* MemoryDetailView.swift */; };
		8700679E843036BCF1BD376B /* ChatViewUITests.swift in Sources */ = {isa = PBXBuildFile; fileRef = 9972CA449D9402E5CCFFC38F /* ChatViewUITests.swift */; };
		8A2AF1C750156734B49C902B /* NewStationFlow.swift in Sources */ = {isa = PBXBuildFile; fileRef = 0F07E7165CFE4BCABE62A403 /* NewStationFlow.swift */; };
		8E03BAE7F3DCBB1C7990C0B9 /* MemoryStore.swift in Sources */ = {isa = PBXBuildFile; fileRef = 0C87946CA920C02F7B84D394 /* MemoryStore.swift */; };
		8F1535220B25DF1E788A581C /* PrivacyInfo.xcprivacy in Resources */ = {isa = PBXBuildFile; fileRef = 2F3F35E50AA8F393A9F6D374 /* PrivacyInfo.xcprivacy */; };
		8F6CEEFCDBE2AF9A6CE40CCB /* MemoryDetailLogic.swift in Sources */ = {isa = PBXBuildFile; fileRef = 0FA3EB40631A068FBCE5A4F4 /* MemoryDetailLogic.swift */; };
		8FBBC7289E3FC51B4938AC60 /* ServerSelectionTests.swift in Sources */ = {isa = PBXBuildFile; fileRef = E063B16365CC39C5A8811EB2 /* ServerSelectionTests.swift */; };
		932462127DCCB76F74AE9A14 /* ChatComposerTests.swift in Sources */ = {isa = PBXBuildFile; fileRef = D8135B2569D3E58A5F5AC4B0 /* ChatComposerTests.swift */; };
		943157280DEB54FF0A8BEDBC /* AppearanceChoice.swift in Sources */ = {isa = PBXBuildFile; fileRef = 45A3B1A70127936170F883D8 /* AppearanceChoice.swift */; };
		9813BD832C9711007D1CB39B /* CatalogClient.swift in Sources */ = {isa = PBXBuildFile; fileRef = 8A6371277CE5CE45F267F7D1 /* CatalogClient.swift */; };
		982857EF4442D5E9E920F5E5 /* Assets.xcassets in Resources */ = {isa = PBXBuildFile; fileRef = A104F6B3904202C531DF05B1 /* Assets.xcassets */; };
		9EC2C1A1C735CD295536997E /* MemoryDetailLogicTests.swift in Sources */ = {isa = PBXBuildFile; fileRef = FAF3987174E7F3B6DE8401A7 /* MemoryDetailLogicTests.swift */; };
		A04F86678543DEAADABD9823 /* MemoryStepperTests.swift in Sources */ = {isa = PBXBuildFile; fileRef = B6D89D3CF229EED9661EBF34 /* MemoryStepperTests.swift */; };
		A395E50688F9535C39E1D655 /* RadioMath.swift in Sources */ = {isa = PBXBuildFile; fileRef = 2F7BD6ADAE5DF7268A1A1E8F /* RadioMath.swift */; };
		A3F5A0EE22EC14166515F58F /* BackgroundRecognition.swift in Sources */ = {isa = PBXBuildFile; fileRef = EBAC877B4CE2A6A5E4532FA8 /* BackgroundRecognition.swift */; };
		A7B29B2A4A54E754B681103D /* DetailReveal.swift in Sources */ = {isa = PBXBuildFile; fileRef = 8D0D6775CEC17E7D54644ADC /* DetailReveal.swift */; };
		AABF7830A1757AF28591636E /* NowPlayingRecognitionFeed.swift in Sources */ = {isa = PBXBuildFile; fileRef = A0CB8D9B3FF0CAAEEB0FD0E2 /* NowPlayingRecognitionFeed.swift */; };
		AB8B5BB7F2CFB2904EA0926C /* RootView.swift in Sources */ = {isa = PBXBuildFile; fileRef = 119B48C38466450EB8439054 /* RootView.swift */; };
		AD1CB833B29F5ADD9AF84D17 /* SettingsView.swift in Sources */ = {isa = PBXBuildFile; fileRef = 255316E4751492999C5D4885 /* SettingsView.swift */; };
		B13C1095F6FA3EA156823F3F /* MemoryClient.swift in Sources */ = {isa = PBXBuildFile; fileRef = 519103EDE64C494F7F99E002 /* MemoryClient.swift */; };
		BA6141BB759C32C4A23C74D7 /* AppConfiguration.swift in Sources */ = {isa = PBXBuildFile; fileRef = EBD7204A0FCE25F67614BAAB /* AppConfiguration.swift */; };
		BD7F62A91194761949DF9D67 /* MemoriesScreen.swift in Sources */ = {isa = PBXBuildFile; fileRef = 6901C1139C2181D36156B9BB /* MemoriesScreen.swift */; };
		BDF5092ECFC1B653EEF75227 /* MessageSafetyNotice.swift in Sources */ = {isa = PBXBuildFile; fileRef = 8090598204F1AB178D549AA1 /* MessageSafetyNotice.swift */; };
		BEA0C01C70CB7FAA98275FA4 /* AppLockControllerTests.swift in Sources */ = {isa = PBXBuildFile; fileRef = 958D80D34F1CAA46CF6F2A18 /* AppLockControllerTests.swift */; };
		BF248891A9DF5CAFD4664593 /* DetailRevealTests.swift in Sources */ = {isa = PBXBuildFile; fileRef = CCF0BD44FF38A093F48CF629 /* DetailRevealTests.swift */; };
		C57F586A96DF788DD36259DF /* MemoryDeckTests.swift in Sources */ = {isa = PBXBuildFile; fileRef = 1779AA33856AB7895D97C48C /* MemoryDeckTests.swift */; };
		C5B471EC0DB3483EBE70F175 /* MemoryStepper.swift in Sources */ = {isa = PBXBuildFile; fileRef = 2C1C2EAFF0C245BAF1397DAA /* MemoryStepper.swift */; };
		C6144D8B2EAF28B9310D37B3 /* CrateLayout.swift in Sources */ = {isa = PBXBuildFile; fileRef = 3743EB7858F99F2D0EF4A0C1 /* CrateLayout.swift */; };
		C99C5957C462BBDF76D3F381 /* MemoryDeckUITests.swift in Sources */ = {isa = PBXBuildFile; fileRef = 10A644A2F5FBB65FA9051CD7 /* MemoryDeckUITests.swift */; };
		C9D24912E75D5E85022C8B8D /* VibeAtmosphere.swift in Sources */ = {isa = PBXBuildFile; fileRef = 441A6EF51DC997D3F68BE925 /* VibeAtmosphere.swift */; };
		CB5B0B9316AF6DFC4F58C477 /* RadioModels.swift in Sources */ = {isa = PBXBuildFile; fileRef = 13A9A5218908E81084024CF1 /* RadioModels.swift */; };
		CB90D46DC6795C206C1461C5 /* CrateFlipDirection.swift in Sources */ = {isa = PBXBuildFile; fileRef = ABC29A981DDA461418B7BAD7 /* CrateFlipDirection.swift */; };
		CD35213EDD9EB635926CB0DA /* ArtistCatalogUITests.swift in Sources */ = {isa = PBXBuildFile; fileRef = A1AEF4E531920B995811E6DD /* ArtistCatalogUITests.swift */; };
		D17527B7F652191AF9260A0C /* RecognizedTrack.swift in Sources */ = {isa = PBXBuildFile; fileRef = 3946D6403AFCC34DEEC77302 /* RecognizedTrack.swift */; };
		D63ED27A030893E78DD6BF1C /* VinylSleeve.swift in Sources */ = {isa = PBXBuildFile; fileRef = 00F9A813D17F4C1D158B1B44 /* VinylSleeve.swift */; };
		D6D4A5362DC7F0760253B842 /* ChatComposer.swift in Sources */ = {isa = PBXBuildFile; fileRef = D9B20BA759579D67BFA2395B /* ChatComposer.swift */; };
		D76D5AD39ECFBC34C06D1C60 /* JukeAccount.swift in Sources */ = {isa = PBXBuildFile; fileRef = 0AD8EFC5D113D36B01EB5143 /* JukeAccount.swift */; };
		DB6412ACFD6ECFEFCBCD81DB /* VinylSleeveTests.swift in Sources */ = {isa = PBXBuildFile; fileRef = 1DB66BABF56038A7254EF4AC /* VinylSleeveTests.swift */; };
		E298FEBF6B7919242B13F9BC /* RadioLayout.swift in Sources */ = {isa = PBXBuildFile; fileRef = D39DFB353209C74CCA48C029 /* RadioLayout.swift */; };
		E36382F00A364C43A27BE605 /* JukeColor.swift in Sources */ = {isa = PBXBuildFile; fileRef = ECB368E6681DD70150304DE3 /* JukeColor.swift */; };
		E461B4C32B074D44F1EC1AE3 /* CrateView.swift in Sources */ = {isa = PBXBuildFile; fileRef = 4E315CDD9222485F7F50E0FA /* CrateView.swift */; };
		EA970A8ED034FAE673764AF4 /* JukeTab.swift in Sources */ = {isa = PBXBuildFile; fileRef = AA9A50FCED3B82025BBD29D6 /* JukeTab.swift */; };
		EB94342776BB3BB5D8BF329D /* NowPlayingRecognitionFeedTests.swift in Sources */ = {isa = PBXBuildFile; fileRef = CB8A86FED0C799F9C642AD85 /* NowPlayingRecognitionFeedTests.swift */; };
		EEE3AB8D7DB84B97C26539E3 /* MemoryDetailUITests.swift in Sources */ = {isa = PBXBuildFile; fileRef = 7AD73162684EDBE02B909635 /* MemoryDetailUITests.swift */; };
		EF044E898C0C4AB9C659D6AD /* VinylDisc.swift in Sources */ = {isa = PBXBuildFile; fileRef = E8FEA42EF9468EFBD6362AC5 /* VinylDisc.swift */; };
		EF1404B00C518A31CC7A4F12 /* ArtistCatalogModelTests.swift in Sources */ = {isa = PBXBuildFile; fileRef = D5EC2A0E343FBAB679D96BD3 /* ArtistCatalogModelTests.swift */; };
		EFCF2EFF2B14C54A186237D3 /* JukeAPI+Radio.swift in Sources */ = {isa = PBXBuildFile; fileRef = D959AF221770C159D84E4250 /* JukeAPI+Radio.swift */; };
		F11A56720C5F52E9287F21D4 /* ReactionEmojiSliderUITests.swift in Sources */ = {isa = PBXBuildFile; fileRef = 4D3306B4A8F2C9FECF72A57D /* ReactionEmojiSliderUITests.swift */; };
		F3A9E68588BF62525D322B4F /* JukeAuthService.swift in Sources */ = {isa = PBXBuildFile; fileRef = FBFC0E19FFDC9C06F4EBFF62 /* JukeAuthService.swift */; };
		F7BE5CD3C54CC9152270E5C6 /* JukeAPI.swift in Sources */ = {isa = PBXBuildFile; fileRef = 340D8CE112C887D7B4CB781B /* JukeAPI.swift */; };
		F87121C70363776108E3B591 /* JukeTheme.swift in Sources */ = {isa = PBXBuildFile; fileRef = ED4A73B45EF608E4D02F429A /* JukeTheme.swift */; };
		FC0137850B1F26D7A5940D15 /* ChatVault.swift in Sources */ = {isa = PBXBuildFile; fileRef = C30FC1985218A5FB8A2A7F68 /* ChatVault.swift */; };
		FCD382D7DAF5F943F2072823 /* MemorySampleData.swift in Sources */ = {isa = PBXBuildFile; fileRef = B086509F266E612B5B5E5E32 /* MemorySampleData.swift */; };
		FDCF116EDBA533D8784466E8 /* MessageSafetyNoticeTests.swift in Sources */ = {isa = PBXBuildFile; fileRef = 886CDC67D848504059EB1EE7 /* MessageSafetyNoticeTests.swift */; };
/* End PBXBuildFile section */

/* Begin PBXContainerItemProxy section */
		17276117235C558FBF00594C /* PBXContainerItemProxy */ = {
			isa = PBXContainerItemProxy;
			containerPortal = 84205B78DCB6AA8A04B34FF0 /* Project object */;
			proxyType = 1;
			remoteGlobalIDString = 0DDE17E72C8DBBFB99C44E92;
			remoteInfo = JukeApp;
		};
		527107979A215C1A55C7EC55 /* PBXContainerItemProxy */ = {
			isa = PBXContainerItemProxy;
			containerPortal = 84205B78DCB6AA8A04B34FF0 /* Project object */;
			proxyType = 1;
			remoteGlobalIDString = 0DDE17E72C8DBBFB99C44E92;
			remoteInfo = JukeApp;
		};
/* End PBXContainerItemProxy section */

/* Begin PBXFileReference section */
		00F9A813D17F4C1D158B1B44 /* VinylSleeve.swift */ = {isa = PBXFileReference; lastKnownFileType = sourcecode.swift; path = VinylSleeve.swift; sourceTree = "<group>"; };
		03F1CCCA7A4D4A7FC2BE4CB1 /* MemoryThumbnail.swift */ = {isa = PBXFileReference; lastKnownFileType = sourcecode.swift; path = MemoryThumbnail.swift; sourceTree = "<group>"; };
		092D40DEB3455076B1EF8019 /* ChatView.swift */ = {isa = PBXFileReference; lastKnownFileType = sourcecode.swift; path = ChatView.swift; sourceTree = "<group>"; };
		0940A72B99A999DD1EB4C2F8 /* MemoryDeck.swift */ = {isa = PBXFileReference; lastKnownFileType = sourcecode.swift; path = MemoryDeck.swift; sourceTree = "<group>"; };
		0AC1F4C62C543F9B7BB3C233 /* JukeApp.entitlements */ = {isa = PBXFileReference; lastKnownFileType = text.plist.entitlements; path = JukeApp.entitlements; sourceTree = "<group>"; };
		0AD8EFC5D113D36B01EB5143 /* JukeAccount.swift */ = {isa = PBXFileReference; lastKnownFileType = sourcecode.swift; path = JukeAccount.swift; sourceTree = "<group>"; };
		0C87946CA920C02F7B84D394 /* MemoryStore.swift */ = {isa = PBXFileReference; lastKnownFileType = sourcecode.swift; path = MemoryStore.swift; sourceTree = "<group>"; };
		0F07E7165CFE4BCABE62A403 /* NewStationFlow.swift */ = {isa = PBXFileReference; lastKnownFileType = sourcecode.swift; path = NewStationFlow.swift; sourceTree = "<group>"; };
		0FA3EB40631A068FBCE5A4F4 /* MemoryDetailLogic.swift */ = {isa = PBXFileReference; lastKnownFileType = sourcecode.swift; path = MemoryDetailLogic.swift; sourceTree = "<group>"; };
		10A644A2F5FBB65FA9051CD7 /* MemoryDeckUITests.swift */ = {isa = PBXFileReference; lastKnownFileType = sourcecode.swift; path = MemoryDeckUITests.swift; sourceTree = "<group>"; };
		119B48C38466450EB8439054 /* RootView.swift */ = {isa = PBXFileReference; lastKnownFileType = sourcecode.swift; path = RootView.swift; sourceTree = "<group>"; };
		13A9A5218908E81084024CF1 /* RadioModels.swift */ = {isa = PBXFileReference; lastKnownFileType = sourcecode.swift; path = RadioModels.swift; sourceTree = "<group>"; };
		1779AA33856AB7895D97C48C /* MemoryDeckTests.swift */ = {isa = PBXFileReference; lastKnownFileType = sourcecode.swift; path = MemoryDeckTests.swift; sourceTree = "<group>"; };
		1DB66BABF56038A7254EF4AC /* VinylSleeveTests.swift */ = {isa = PBXFileReference; lastKnownFileType = sourcecode.swift; path = VinylSleeveTests.swift; sourceTree = "<group>"; };
		1E86866E5F50638D1FCDE22A /* RadioScreen.swift */ = {isa = PBXFileReference; lastKnownFileType = sourcecode.swift; path = RadioScreen.swift; sourceTree = "<group>"; };
		232321C24A61172302B65A98 /* LibraryScreen.swift */ = {isa = PBXFileReference; lastKnownFileType = sourcecode.swift; path = LibraryScreen.swift; sourceTree = "<group>"; };
		255316E4751492999C5D4885 /* SettingsView.swift */ = {isa = PBXFileReference; lastKnownFileType = sourcecode.swift; path = SettingsView.swift; sourceTree = "<group>"; };
		2576EC178339ABDDB4BA7787 /* MemoryDeleteUITests.swift */ = {isa = PBXFileReference; lastKnownFileType = sourcecode.swift; path = MemoryDeleteUITests.swift; sourceTree = "<group>"; };
		257E9C53316074FCA6FB3A67 /* MemoryDetailView.swift */ = {isa = PBXFileReference; lastKnownFileType = sourcecode.swift; path = MemoryDetailView.swift; sourceTree = "<group>"; };
		2C1C2EAFF0C245BAF1397DAA /* MemoryStepper.swift */ = {isa = PBXFileReference; lastKnownFileType = sourcecode.swift; path = MemoryStepper.swift; sourceTree = "<group>"; };
		2F3F35E50AA8F393A9F6D374 /* PrivacyInfo.xcprivacy */ = {isa = PBXFileReference; path = PrivacyInfo.xcprivacy; sourceTree = "<group>"; };
		2F7BD6ADAE5DF7268A1A1E8F /* RadioMath.swift */ = {isa = PBXFileReference; lastKnownFileType = sourcecode.swift; path = RadioMath.swift; sourceTree = "<group>"; };
		340D8CE112C887D7B4CB781B /* JukeAPI.swift */ = {isa = PBXFileReference; lastKnownFileType = sourcecode.swift; path = JukeAPI.swift; sourceTree = "<group>"; };
		348525BA5E911FB5DB78D848 /* Info.plist */ = {isa = PBXFileReference; lastKnownFileType = text.plist; path = Info.plist; sourceTree = "<group>"; };
		352AD2D41149E314BCF53B22 /* StationSheet.swift */ = {isa = PBXFileReference; lastKnownFileType = sourcecode.swift; path = StationSheet.swift; sourceTree = "<group>"; };
		3743EB7858F99F2D0EF4A0C1 /* CrateLayout.swift */ = {isa = PBXFileReference; lastKnownFileType = sourcecode.swift; path = CrateLayout.swift; sourceTree = "<group>"; };
		38EE2CF7AB19F90E21A2AE8E /* JukeAppTests.swift */ = {isa = PBXFileReference; lastKnownFileType = sourcecode.swift; path = JukeAppTests.swift; sourceTree = "<group>"; };
		3946D6403AFCC34DEEC77302 /* RecognizedTrack.swift */ = {isa = PBXFileReference; lastKnownFileType = sourcecode.swift; path = RecognizedTrack.swift; sourceTree = "<group>"; };
		3C46B8ED4337270D4245BB5C /* LocalVibeIntelligence.swift */ = {isa = PBXFileReference; lastKnownFileType = sourcecode.swift; path = LocalVibeIntelligence.swift; sourceTree = "<group>"; };
		42915386CA789075FD4325A1 /* MemoryPlayerTests.swift */ = {isa = PBXFileReference; lastKnownFileType = sourcecode.swift; path = MemoryPlayerTests.swift; sourceTree = "<group>"; };
		441A6EF51DC997D3F68BE925 /* VibeAtmosphere.swift */ = {isa = PBXFileReference; lastKnownFileType = sourcecode.swift; path = VibeAtmosphere.swift; sourceTree = "<group>"; };
		45A3B1A70127936170F883D8 /* AppearanceChoice.swift */ = {isa = PBXFileReference; lastKnownFileType = sourcecode.swift; path = AppearanceChoice.swift; sourceTree = "<group>"; };
		49F15D334686FB7C6312F27C /* JukeApp.app */ = {isa = PBXFileReference; includeInIndex = 0; lastKnownFileType = wrapper.application; path = JukeApp.app; sourceTree = BUILT_PRODUCTS_DIR; };
		4D3306B4A8F2C9FECF72A57D /* ReactionEmojiSliderUITests.swift */ = {isa = PBXFileReference; lastKnownFileType = sourcecode.swift; path = ReactionEmojiSliderUITests.swift; sourceTree = "<group>"; };
		4E2C68B40CE5764B9801DEE5 /* RadioLayoutTests.swift */ = {isa = PBXFileReference; lastKnownFileType = sourcecode.swift; path = RadioLayoutTests.swift; sourceTree = "<group>"; };
		4E315CDD9222485F7F50E0FA /* CrateView.swift */ = {isa = PBXFileReference; lastKnownFileType = sourcecode.swift; path = CrateView.swift; sourceTree = "<group>"; };
		519103EDE64C494F7F99E002 /* MemoryClient.swift */ = {isa = PBXFileReference; lastKnownFileType = sourcecode.swift; path = MemoryClient.swift; sourceTree = "<group>"; };
		57FE559BAC09BB81E1E8FE02 /* PlaybackClient.swift */ = {isa = PBXFileReference; lastKnownFileType = sourcecode.swift; path = PlaybackClient.swift; sourceTree = "<group>"; };
		59ED2F926D09F8FD2B2F2C41 /* JukeMotion.swift */ = {isa = PBXFileReference; lastKnownFileType = sourcecode.swift; path = JukeMotion.swift; sourceTree = "<group>"; };
		5AF36F6FBDFC81079CD29354 /* ArtworkPalette.swift */ = {isa = PBXFileReference; lastKnownFileType = sourcecode.swift; path = ArtworkPalette.swift; sourceTree = "<group>"; };
		5E6A8BDAFD0900B4B4266600 /* VibeAPI.swift */ = {isa = PBXFileReference; lastKnownFileType = sourcecode.swift; path = VibeAPI.swift; sourceTree = "<group>"; };
		60266979CF11E51BEEF9A668 /* JukeIOSApp.swift */ = {isa = PBXFileReference; lastKnownFileType = sourcecode.swift; path = JukeIOSApp.swift; sourceTree = "<group>"; };
		628CA194523D30AE524DD80A /* VibeModels.swift */ = {isa = PBXFileReference; lastKnownFileType = sourcecode.swift; path = VibeModels.swift; sourceTree = "<group>"; };
		67FCB93FD26FE75A6E12C695 /* MemoryThumbnailTests.swift */ = {isa = PBXFileReference; lastKnownFileType = sourcecode.swift; path = MemoryThumbnailTests.swift; sourceTree = "<group>"; };
		6901C1139C2181D36156B9BB /* MemoriesScreen.swift */ = {isa = PBXFileReference; lastKnownFileType = sourcecode.swift; path = MemoriesScreen.swift; sourceTree = "<group>"; };
		6D392B09370219D7584F3E95 /* LibraryBrowsingTests.swift */ = {isa = PBXFileReference; lastKnownFileType = sourcecode.swift; path = LibraryBrowsingTests.swift; sourceTree = "<group>"; };
		6D3B28E1738FD3C142DE10D3 /* NowPlayingObserver.swift */ = {isa = PBXFileReference; lastKnownFileType = sourcecode.swift; path = NowPlayingObserver.swift; sourceTree = "<group>"; };
		72B437354B0BA8E7E0D426CA /* MemoryJourneyView.swift */ = {isa = PBXFileReference; lastKnownFileType = sourcecode.swift; path = MemoryJourneyView.swift; sourceTree = "<group>"; };
		76C23B3E7823A358F8612D54 /* AppLockController.swift */ = {isa = PBXFileReference; lastKnownFileType = sourcecode.swift; path = AppLockController.swift; sourceTree = "<group>"; };
		7A3BE8AF36561434806D8427 /* MemoryDeckView.swift */ = {isa = PBXFileReference; lastKnownFileType = sourcecode.swift; path = MemoryDeckView.swift; sourceTree = "<group>"; };
		7A865B110B41CA3A2C7C892A /* RadioServices.swift */ = {isa = PBXFileReference; lastKnownFileType = sourcecode.swift; path = RadioServices.swift; sourceTree = "<group>"; };
		7AD73162684EDBE02B909635 /* MemoryDetailUITests.swift */ = {isa = PBXFileReference; lastKnownFileType = sourcecode.swift; path = MemoryDetailUITests.swift; sourceTree = "<group>"; };
		7D3CF032BFA0B09411D0D144 /* RadioFixtures.swift */ = {isa = PBXFileReference; lastKnownFileType = sourcecode.swift; path = RadioFixtures.swift; sourceTree = "<group>"; };
		806E45185EB177301D43ABDF /* MusicMemory.swift */ = {isa = PBXFileReference; lastKnownFileType = sourcecode.swift; path = MusicMemory.swift; sourceTree = "<group>"; };
		8090598204F1AB178D549AA1 /* MessageSafetyNotice.swift */ = {isa = PBXFileReference; lastKnownFileType = sourcecode.swift; path = MessageSafetyNotice.swift; sourceTree = "<group>"; };
		8239F90A43E27AF281B3A1E7 /* VibeBackgroundGlowTests.swift */ = {isa = PBXFileReference; lastKnownFileType = sourcecode.swift; path = VibeBackgroundGlowTests.swift; sourceTree = "<group>"; };
		8298EBDDA490085B8E606EE6 /* JukeAppUITests.xctest */ = {isa = PBXFileReference; includeInIndex = 0; lastKnownFileType = wrapper.cfbundle; path = JukeAppUITests.xctest; sourceTree = BUILT_PRODUCTS_DIR; };
		886CDC67D848504059EB1EE7 /* MessageSafetyNoticeTests.swift */ = {isa = PBXFileReference; lastKnownFileType = sourcecode.swift; path = MessageSafetyNoticeTests.swift; sourceTree = "<group>"; };
		88817C4485CCB70C2BB52469 /* VibeAppModel.swift */ = {isa = PBXFileReference; lastKnownFileType = sourcecode.swift; path = VibeAppModel.swift; sourceTree = "<group>"; };
		8A6371277CE5CE45F267F7D1 /* CatalogClient.swift */ = {isa = PBXFileReference; lastKnownFileType = sourcecode.swift; path = CatalogClient.swift; sourceTree = "<group>"; };
		8D0D6775CEC17E7D54644ADC /* DetailReveal.swift */ = {isa = PBXFileReference; lastKnownFileType = sourcecode.swift; path = DetailReveal.swift; sourceTree = "<group>"; };
		8D681A1EF35659F11A9519B7 /* NewStationWizardTests.swift */ = {isa = PBXFileReference; lastKnownFileType = sourcecode.swift; path = NewStationWizardTests.swift; sourceTree = "<group>"; };
		9111D71A59A65401665C685B /* MemoryNextUITests.swift */ = {isa = PBXFileReference; lastKnownFileType = sourcecode.swift; path = MemoryNextUITests.swift; sourceTree = "<group>"; };
		958D80D34F1CAA46CF6F2A18 /* AppLockControllerTests.swift */ = {isa = PBXFileReference; lastKnownFileType = sourcecode.swift; path = AppLockControllerTests.swift; sourceTree = "<group>"; };
		97E6ACACF993D84F976A6324 /* DetailViewsUITests.swift */ = {isa = PBXFileReference; lastKnownFileType = sourcecode.swift; path = DetailViewsUITests.swift; sourceTree = "<group>"; };
		9972CA449D9402E5CCFFC38F /* ChatViewUITests.swift */ = {isa = PBXFileReference; lastKnownFileType = sourcecode.swift; path = ChatViewUITests.swift; sourceTree = "<group>"; };
		99F28EAC9A19F28DA75A4D4B /* ArtistDetailView.swift */ = {isa = PBXFileReference; lastKnownFileType = sourcecode.swift; path = ArtistDetailView.swift; sourceTree = "<group>"; };
		A07F1C2B3F3260E5CBB51C7B /* JukeServer.swift */ = {isa = PBXFileReference; lastKnownFileType = sourcecode.swift; path = JukeServer.swift; sourceTree = "<group>"; };
		A0CB8D9B3FF0CAAEEB0FD0E2 /* NowPlayingRecognitionFeed.swift */ = {isa = PBXFileReference; lastKnownFileType = sourcecode.swift; path = NowPlayingRecognitionFeed.swift; sourceTree = "<group>"; };
		A104F6B3904202C531DF05B1 /* Assets.xcassets */ = {isa = PBXFileReference; lastKnownFileType = folder.assetcatalog; path = Assets.xcassets; sourceTree = "<group>"; };
		A1AEF4E531920B995811E6DD /* ArtistCatalogUITests.swift */ = {isa = PBXFileReference; lastKnownFileType = sourcecode.swift; path = ArtistCatalogUITests.swift; sourceTree = "<group>"; };
		AA9A50FCED3B82025BBD29D6 /* JukeTab.swift */ = {isa = PBXFileReference; lastKnownFileType = sourcecode.swift; path = JukeTab.swift; sourceTree = "<group>"; };
		ABC29A981DDA461418B7BAD7 /* CrateFlipDirection.swift */ = {isa = PBXFileReference; lastKnownFileType = sourcecode.swift; path = CrateFlipDirection.swift; sourceTree = "<group>"; };
		B086509F266E612B5B5E5E32 /* MemorySampleData.swift */ = {isa = PBXFileReference; lastKnownFileType = sourcecode.swift; path = MemorySampleData.swift; sourceTree = "<group>"; };
		B363F576A7DAAA85D29385C9 /* MemoryJourneyFlowTests.swift */ = {isa = PBXFileReference; lastKnownFileType = sourcecode.swift; path = MemoryJourneyFlowTests.swift; sourceTree = "<group>"; };
		B498BAF4FB9ACEFDB1994641 /* JukeAppTests.xctest */ = {isa = PBXFileReference; includeInIndex = 0; lastKnownFileType = wrapper.cfbundle; path = JukeAppTests.xctest; sourceTree = BUILT_PRODUCTS_DIR; };
		B6383544D37932CFD215F77A /* JukeCoordinator.swift */ = {isa = PBXFileReference; lastKnownFileType = sourcecode.swift; path = JukeCoordinator.swift; sourceTree = "<group>"; };
		B6D89D3CF229EED9661EBF34 /* MemoryStepperTests.swift */ = {isa = PBXFileReference; lastKnownFileType = sourcecode.swift; path = MemoryStepperTests.swift; sourceTree = "<group>"; };
		BBB5EC0C699F85EFAA959DF0 /* PlaybackAuthTests.swift */ = {isa = PBXFileReference; lastKnownFileType = sourcecode.swift; path = PlaybackAuthTests.swift; sourceTree = "<group>"; };
		BD896CEBD9967BDB870F0073 /* ArtistCatalogModel.swift */ = {isa = PBXFileReference; lastKnownFileType = sourcecode.swift; path = ArtistCatalogModel.swift; sourceTree = "<group>"; };
		BF764F2CA5B5785D08B7D0D7 /* FMDialView.swift */ = {isa = PBXFileReference; lastKnownFileType = sourcecode.swift; path = FMDialView.swift; sourceTree = "<group>"; };
		C30FC1985218A5FB8A2A7F68 /* ChatVault.swift */ = {isa = PBXFileReference; lastKnownFileType = sourcecode.swift; path = ChatVault.swift; sourceTree = "<group>"; };
		C62ADD8FEB0B5C2C7FC2CAFC /* NewStationScreen.swift */ = {isa = PBXFileReference; lastKnownFileType = sourcecode.swift; path = NewStationScreen.swift; sourceTree = "<group>"; };
		CB8A86FED0C799F9C642AD85 /* NowPlayingRecognitionFeedTests.swift */ = {isa = PBXFileReference; lastKnownFileType = sourcecode.swift; path = NowPlayingRecognitionFeedTests.swift; sourceTree = "<group>"; };
		CCF0BD44FF38A093F48CF629 /* DetailRevealTests.swift */ = {isa = PBXFileReference; lastKnownFileType = sourcecode.swift; path = DetailRevealTests.swift; sourceTree = "<group>"; };
		D07AD88AFE1EDB2AED9BDFCB /* LibraryBrowsing.swift */ = {isa = PBXFileReference; lastKnownFileType = sourcecode.swift; path = LibraryBrowsing.swift; sourceTree = "<group>"; };
		D0A406F1C52A2B99310D5669 /* PrivacyWindow.swift */ = {isa = PBXFileReference; lastKnownFileType = sourcecode.swift; path = PrivacyWindow.swift; sourceTree = "<group>"; };
		D1D281CD5C7E68083E03D47C /* MemoryJourneyFlow.swift */ = {isa = PBXFileReference; lastKnownFileType = sourcecode.swift; path = MemoryJourneyFlow.swift; sourceTree = "<group>"; };
		D39DFB353209C74CCA48C029 /* RadioLayout.swift */ = {isa = PBXFileReference; lastKnownFileType = sourcecode.swift; path = RadioLayout.swift; sourceTree = "<group>"; };
		D5EC2A0E343FBAB679D96BD3 /* ArtistCatalogModelTests.swift */ = {isa = PBXFileReference; lastKnownFileType = sourcecode.swift; path = ArtistCatalogModelTests.swift; sourceTree = "<group>"; };
		D8135B2569D3E58A5F5AC4B0 /* ChatComposerTests.swift */ = {isa = PBXFileReference; lastKnownFileType = sourcecode.swift; path = ChatComposerTests.swift; sourceTree = "<group>"; };
		D959AF221770C159D84E4250 /* JukeAPI+Radio.swift */ = {isa = PBXFileReference; lastKnownFileType = sourcecode.swift; path = "JukeAPI+Radio.swift"; sourceTree = "<group>"; };
		D9A80EB926BAA892A1457707 /* MemoryPlayer.swift */ = {isa = PBXFileReference; lastKnownFileType = sourcecode.swift; path = MemoryPlayer.swift; sourceTree = "<group>"; };
		D9B20BA759579D67BFA2395B /* ChatComposer.swift */ = {isa = PBXFileReference; lastKnownFileType = sourcecode.swift; path = ChatComposer.swift; sourceTree = "<group>"; };
		DE8CA0BE72A512BDC29D8FE4 /* PlayerTransport.swift */ = {isa = PBXFileReference; lastKnownFileType = sourcecode.swift; path = PlayerTransport.swift; sourceTree = "<group>"; };
		E063B16365CC39C5A8811EB2 /* ServerSelectionTests.swift */ = {isa = PBXFileReference; lastKnownFileType = sourcecode.swift; path = ServerSelectionTests.swift; sourceTree = "<group>"; };
		E8FEA42EF9468EFBD6362AC5 /* VinylDisc.swift */ = {isa = PBXFileReference; lastKnownFileType = sourcecode.swift; path = VinylDisc.swift; sourceTree = "<group>"; };
		EBAC877B4CE2A6A5E4532FA8 /* BackgroundRecognition.swift */ = {isa = PBXFileReference; lastKnownFileType = sourcecode.swift; path = BackgroundRecognition.swift; sourceTree = "<group>"; };
		EBD7204A0FCE25F67614BAAB /* AppConfiguration.swift */ = {isa = PBXFileReference; lastKnownFileType = sourcecode.swift; path = AppConfiguration.swift; sourceTree = "<group>"; };
		ECB368E6681DD70150304DE3 /* JukeColor.swift */ = {isa = PBXFileReference; lastKnownFileType = sourcecode.swift; path = JukeColor.swift; sourceTree = "<group>"; };
		ECDC1DCB585829460C3267E6 /* AlbumDetailView.swift */ = {isa = PBXFileReference; lastKnownFileType = sourcecode.swift; path = AlbumDetailView.swift; sourceTree = "<group>"; };
		ED4A73B45EF608E4D02F429A /* JukeTheme.swift */ = {isa = PBXFileReference; lastKnownFileType = sourcecode.swift; path = JukeTheme.swift; sourceTree = "<group>"; };
		EE582E003D53E3852308ECD5 /* AppConfigurationTests.swift */ = {isa = PBXFileReference; lastKnownFileType = sourcecode.swift; path = AppConfigurationTests.swift; sourceTree = "<group>"; };
		F5ADA8C63A3CE86D20E5B624 /* NewStationWizard.swift */ = {isa = PBXFileReference; lastKnownFileType = sourcecode.swift; path = NewStationWizard.swift; sourceTree = "<group>"; };
		FAF3987174E7F3B6DE8401A7 /* MemoryDetailLogicTests.swift */ = {isa = PBXFileReference; lastKnownFileType = sourcecode.swift; path = MemoryDetailLogicTests.swift; sourceTree = "<group>"; };
		FBFC0E19FFDC9C06F4EBFF62 /* JukeAuthService.swift */ = {isa = PBXFileReference; lastKnownFileType = sourcecode.swift; path = JukeAuthService.swift; sourceTree = "<group>"; };
		FC1600417C1EC83B8F8C5C95 /* RadioController.swift */ = {isa = PBXFileReference; lastKnownFileType = sourcecode.swift; path = RadioController.swift; sourceTree = "<group>"; };
		FD9E856A64A35C68E329B15E /* PlayerTransportTests.swift */ = {isa = PBXFileReference; lastKnownFileType = sourcecode.swift; path = PlayerTransportTests.swift; sourceTree = "<group>"; };
/* End PBXFileReference section */

/* Begin PBXGroup section */
		0799A5A2A9CF5E0DA7E571B2 /* JukeAppTests */ = {
			isa = PBXGroup;
			children = (
				EE582E003D53E3852308ECD5 /* AppConfigurationTests.swift */,
				958D80D34F1CAA46CF6F2A18 /* AppLockControllerTests.swift */,
				D5EC2A0E343FBAB679D96BD3 /* ArtistCatalogModelTests.swift */,
				D8135B2569D3E58A5F5AC4B0 /* ChatComposerTests.swift */,
				CCF0BD44FF38A093F48CF629 /* DetailRevealTests.swift */,
				38EE2CF7AB19F90E21A2AE8E /* JukeAppTests.swift */,
				6D392B09370219D7584F3E95 /* LibraryBrowsingTests.swift */,
				1779AA33856AB7895D97C48C /* MemoryDeckTests.swift */,
				FAF3987174E7F3B6DE8401A7 /* MemoryDetailLogicTests.swift */,
				B363F576A7DAAA85D29385C9 /* MemoryJourneyFlowTests.swift */,
				42915386CA789075FD4325A1 /* MemoryPlayerTests.swift */,
				B6D89D3CF229EED9661EBF34 /* MemoryStepperTests.swift */,
				67FCB93FD26FE75A6E12C695 /* MemoryThumbnailTests.swift */,
				886CDC67D848504059EB1EE7 /* MessageSafetyNoticeTests.swift */,
				8D681A1EF35659F11A9519B7 /* NewStationWizardTests.swift */,
				CB8A86FED0C799F9C642AD85 /* NowPlayingRecognitionFeedTests.swift */,
				BBB5EC0C699F85EFAA959DF0 /* PlaybackAuthTests.swift */,
				FD9E856A64A35C68E329B15E /* PlayerTransportTests.swift */,
				4E2C68B40CE5764B9801DEE5 /* RadioLayoutTests.swift */,
				E063B16365CC39C5A8811EB2 /* ServerSelectionTests.swift */,
				8239F90A43E27AF281B3A1E7 /* VibeBackgroundGlowTests.swift */,
				1DB66BABF56038A7254EF4AC /* VinylSleeveTests.swift */,
			);
			path = JukeAppTests;
			sourceTree = "<group>";
		};
		0C7B751764299036D20D8048 /* NewStation */ = {
			isa = PBXGroup;
			children = (
				C62ADD8FEB0B5C2C7FC2CAFC /* NewStationScreen.swift */,
				F5ADA8C63A3CE86D20E5B624 /* NewStationWizard.swift */,
			);
			path = NewStation;
			sourceTree = "<group>";
		};
		1FEAD380144826D91CDC3408 /* JukeApp */ = {
			isa = PBXGroup;
			children = (
				A104F6B3904202C531DF05B1 /* Assets.xcassets */,
				348525BA5E911FB5DB78D848 /* Info.plist */,
				0AC1F4C62C543F9B7BB3C233 /* JukeApp.entitlements */,
				BB398134403FA3008F09E606 /* App */,
				D3990DC73699E23800270F60 /* Models */,
				7060C452DFC31A9701A95BDC /* Services */,
				AB50C17BD6E845D93B3EB750 /* Views */,
			);
			path = JukeApp;
			sourceTree = "<group>";
		};
		33C617DCB67C35E7029823F0 /* Memories */ = {
			isa = PBXGroup;
			children = (
				6901C1139C2181D36156B9BB /* MemoriesScreen.swift */,
				0940A72B99A999DD1EB4C2F8 /* MemoryDeck.swift */,
				7A3BE8AF36561434806D8427 /* MemoryDeckView.swift */,
				0FA3EB40631A068FBCE5A4F4 /* MemoryDetailLogic.swift */,
				257E9C53316074FCA6FB3A67 /* MemoryDetailView.swift */,
				D1D281CD5C7E68083E03D47C /* MemoryJourneyFlow.swift */,
				72B437354B0BA8E7E0D426CA /* MemoryJourneyView.swift */,
				03F1CCCA7A4D4A7FC2BE4CB1 /* MemoryThumbnail.swift */,
			);
			path = Memories;
			sourceTree = "<group>";
		};
		3CA4DD3F713C22CC2DAD49A6 /* Products */ = {
			isa = PBXGroup;
			children = (
				49F15D334686FB7C6312F27C /* JukeApp.app */,
				B498BAF4FB9ACEFDB1994641 /* JukeAppTests.xctest */,
				8298EBDDA490085B8E606EE6 /* JukeAppUITests.xctest */,
			);
			name = Products;
			sourceTree = "<group>";
		};
		478ECEEB599C498B51864B16 /* JukeAppUITests */ = {
			isa = PBXGroup;
			children = (
				A1AEF4E531920B995811E6DD /* ArtistCatalogUITests.swift */,
				9972CA449D9402E5CCFFC38F /* ChatViewUITests.swift */,
				97E6ACACF993D84F976A6324 /* DetailViewsUITests.swift */,
				10A644A2F5FBB65FA9051CD7 /* MemoryDeckUITests.swift */,
				2576EC178339ABDDB4BA7787 /* MemoryDeleteUITests.swift */,
				7AD73162684EDBE02B909635 /* MemoryDetailUITests.swift */,
				9111D71A59A65401665C685B /* MemoryNextUITests.swift */,
				4D3306B4A8F2C9FECF72A57D /* ReactionEmojiSliderUITests.swift */,
			);
			path = JukeAppUITests;
			sourceTree = "<group>";
		};
		7060C452DFC31A9701A95BDC /* Services */ = {
			isa = PBXGroup;
			children = (
				C30FC1985218A5FB8A2A7F68 /* ChatVault.swift */,
				FBFC0E19FFDC9C06F4EBFF62 /* JukeAuthService.swift */,
				3C46B8ED4337270D4245BB5C /* LocalVibeIntelligence.swift */,
				D9A80EB926BAA892A1457707 /* MemoryPlayer.swift */,
				B086509F266E612B5B5E5E32 /* MemorySampleData.swift */,
				2C1C2EAFF0C245BAF1397DAA /* MemoryStepper.swift */,
				8090598204F1AB178D549AA1 /* MessageSafetyNotice.swift */,
				6D3B28E1738FD3C142DE10D3 /* NowPlayingObserver.swift */,
				A0CB8D9B3FF0CAAEEB0FD0E2 /* NowPlayingRecognitionFeed.swift */,
				DE8CA0BE72A512BDC29D8FE4 /* PlayerTransport.swift */,
				D0A406F1C52A2B99310D5669 /* PrivacyWindow.swift */,
				5E6A8BDAFD0900B4B4266600 /* VibeAPI.swift */,
				441A6EF51DC997D3F68BE925 /* VibeAtmosphere.swift */,
			);
			path = Services;
			sourceTree = "<group>";
		};
		845244C50D7B52BC43B851A9 /* Radio */ = {
			isa = PBXGroup;
			children = (
				BF764F2CA5B5785D08B7D0D7 /* FMDialView.swift */,
				D39DFB353209C74CCA48C029 /* RadioLayout.swift */,
				1E86866E5F50638D1FCDE22A /* RadioScreen.swift */,
				352AD2D41149E314BCF53B22 /* StationSheet.swift */,
				E8FEA42EF9468EFBD6362AC5 /* VinylDisc.swift */,
				00F9A813D17F4C1D158B1B44 /* VinylSleeve.swift */,
			);
			path = Radio;
			sourceTree = "<group>";
		};
		94B4564BC77456093077B84D /* JukeRadio */ = {
			isa = PBXGroup;
			children = (
				45A3B1A70127936170F883D8 /* AppearanceChoice.swift */,
				76C23B3E7823A358F8612D54 /* AppLockController.swift */,
				5AF36F6FBDFC81079CD29354 /* ArtworkPalette.swift */,
				EBAC877B4CE2A6A5E4532FA8 /* BackgroundRecognition.swift */,
				8A6371277CE5CE45F267F7D1 /* CatalogClient.swift */,
				ABC29A981DDA461418B7BAD7 /* CrateFlipDirection.swift */,
				3743EB7858F99F2D0EF4A0C1 /* CrateLayout.swift */,
				0AD8EFC5D113D36B01EB5143 /* JukeAccount.swift */,
				340D8CE112C887D7B4CB781B /* JukeAPI.swift */,
				D959AF221770C159D84E4250 /* JukeAPI+Radio.swift */,
				ECB368E6681DD70150304DE3 /* JukeColor.swift */,
				B6383544D37932CFD215F77A /* JukeCoordinator.swift */,
				59ED2F926D09F8FD2B2F2C41 /* JukeMotion.swift */,
				A07F1C2B3F3260E5CBB51C7B /* JukeServer.swift */,
				ED4A73B45EF608E4D02F429A /* JukeTheme.swift */,
				519103EDE64C494F7F99E002 /* MemoryClient.swift */,
				0C87946CA920C02F7B84D394 /* MemoryStore.swift */,
				806E45185EB177301D43ABDF /* MusicMemory.swift */,
				0F07E7165CFE4BCABE62A403 /* NewStationFlow.swift */,
				57FE559BAC09BB81E1E8FE02 /* PlaybackClient.swift */,
				FC1600417C1EC83B8F8C5C95 /* RadioController.swift */,
				7D3CF032BFA0B09411D0D144 /* RadioFixtures.swift */,
				2F7BD6ADAE5DF7268A1A1E8F /* RadioMath.swift */,
				13A9A5218908E81084024CF1 /* RadioModels.swift */,
				7A865B110B41CA3A2C7C892A /* RadioServices.swift */,
				3946D6403AFCC34DEEC77302 /* RecognizedTrack.swift */,
			);
			name = JukeRadio;
			path = ../../shared/JukeRadio;
			sourceTree = "<group>";
		};
		A42F772DFA5A52ABCAEE9481 /* Library */ = {
			isa = PBXGroup;
			children = (
				ECDC1DCB585829460C3267E6 /* AlbumDetailView.swift */,
				BD896CEBD9967BDB870F0073 /* ArtistCatalogModel.swift */,
				99F28EAC9A19F28DA75A4D4B /* ArtistDetailView.swift */,
				4E315CDD9222485F7F50E0FA /* CrateView.swift */,
				8D0D6775CEC17E7D54644ADC /* DetailReveal.swift */,
				D07AD88AFE1EDB2AED9BDFCB /* LibraryBrowsing.swift */,
				232321C24A61172302B65A98 /* LibraryScreen.swift */,
			);
			path = Library;
			sourceTree = "<group>";
		};
		AB50C17BD6E845D93B3EB750 /* Views */ = {
			isa = PBXGroup;
			children = (
				092D40DEB3455076B1EF8019 /* ChatView.swift */,
				119B48C38466450EB8439054 /* RootView.swift */,
				255316E4751492999C5D4885 /* SettingsView.swift */,
				A42F772DFA5A52ABCAEE9481 /* Library */,
				33C617DCB67C35E7029823F0 /* Memories */,
				0C7B751764299036D20D8048 /* NewStation */,
				845244C50D7B52BC43B851A9 /* Radio */,
			);
			path = Views;
			sourceTree = "<group>";
		};
		BB398134403FA3008F09E606 /* App */ = {
			isa = PBXGroup;
			children = (
				EBD7204A0FCE25F67614BAAB /* AppConfiguration.swift */,
				60266979CF11E51BEEF9A668 /* JukeIOSApp.swift */,
				AA9A50FCED3B82025BBD29D6 /* JukeTab.swift */,
				88817C4485CCB70C2BB52469 /* VibeAppModel.swift */,
			);
			path = App;
			sourceTree = "<group>";
		};
		D2C4DDFF54776379A5BDCEFE /* Shared */ = {
			isa = PBXGroup;
			children = (
				94B4564BC77456093077B84D /* JukeRadio */,
			);
			name = Shared;
			sourceTree = "<group>";
		};
		D3990DC73699E23800270F60 /* Models */ = {
			isa = PBXGroup;
			children = (
				D9B20BA759579D67BFA2395B /* ChatComposer.swift */,
				628CA194523D30AE524DD80A /* VibeModels.swift */,
			);
			path = Models;
			sourceTree = "<group>";
		};
		E543A1E953842833B2E09145 = {
			isa = PBXGroup;
			children = (
				2F3F35E50AA8F393A9F6D374 /* PrivacyInfo.xcprivacy */,
				1FEAD380144826D91CDC3408 /* JukeApp */,
				0799A5A2A9CF5E0DA7E571B2 /* JukeAppTests */,
				478ECEEB599C498B51864B16 /* JukeAppUITests */,
				D2C4DDFF54776379A5BDCEFE /* Shared */,
				3CA4DD3F713C22CC2DAD49A6 /* Products */,
			);
			sourceTree = "<group>";
		};
/* End PBXGroup section */

/* Begin PBXNativeTarget section */
		0DDE17E72C8DBBFB99C44E92 /* JukeApp */ = {
			isa = PBXNativeTarget;
			buildConfigurationList = C18777D21B08FF7512CD3325 /* Build configuration list for PBXNativeTarget "JukeApp" */;
			buildPhases = (
				87399D61136B32351DA5DFB9 /* Sources */,
				26359CCF3C83DA76713FA6E5 /* Resources */,
			);
			buildRules = (
			);
			dependencies = (
			);
			name = JukeApp;
			packageProductDependencies = (
			);
			productName = JukeApp;
			productReference = 49F15D334686FB7C6312F27C /* JukeApp.app */;
			productType = "com.apple.product-type.application";
		};
		4C1528524579FE811E85CC31 /* JukeAppUITests */ = {
			isa = PBXNativeTarget;
			buildConfigurationList = ABE8CFDF2FEE5E4842469AC8 /* Build configuration list for PBXNativeTarget "JukeAppUITests" */;
			buildPhases = (
				BC91251F699F7870D62BB612 /* Sources */,
			);
			buildRules = (
			);
			dependencies = (
				A9D0264D86BF30C583C6E065 /* PBXTargetDependency */,
			);
			name = JukeAppUITests;
			packageProductDependencies = (
			);
			productName = JukeAppUITests;
			productReference = 8298EBDDA490085B8E606EE6 /* JukeAppUITests.xctest */;
			productType = "com.apple.product-type.bundle.ui-testing";
		};
		540321AA56F29DD23D1CA917 /* JukeAppTests */ = {
			isa = PBXNativeTarget;
			buildConfigurationList = 2EBC68F18347E52C1578FEDA /* Build configuration list for PBXNativeTarget "JukeAppTests" */;
			buildPhases = (
				110723E8171FC81FEB0E3706 /* Sources */,
			);
			buildRules = (
			);
			dependencies = (
				07096319627EF604D1E4AD42 /* PBXTargetDependency */,
			);
			name = JukeAppTests;
			packageProductDependencies = (
			);
			productName = JukeAppTests;
			productReference = B498BAF4FB9ACEFDB1994641 /* JukeAppTests.xctest */;
			productType = "com.apple.product-type.bundle.unit-test";
		};
/* End PBXNativeTarget section */

/* Begin PBXProject section */
		84205B78DCB6AA8A04B34FF0 /* Project object */ = {
			isa = PBXProject;
			attributes = {
				BuildIndependentTargetsInParallel = YES;
				LastUpgradeCheck = 1430;
				TargetAttributes = {
					0DDE17E72C8DBBFB99C44E92 = {
						DevelopmentTeam = 2WMS6785YD;
						ProvisioningStyle = Automatic;
					};
					4C1528524579FE811E85CC31 = {
						DevelopmentTeam = 2WMS6785YD;
						ProvisioningStyle = Automatic;
						TestTargetID = 0DDE17E72C8DBBFB99C44E92;
					};
					540321AA56F29DD23D1CA917 = {
						DevelopmentTeam = 2WMS6785YD;
						ProvisioningStyle = Automatic;
					};
				};
			};
			buildConfigurationList = 0653E9966CE804DA02E1A943 /* Build configuration list for PBXProject "JukeApp" */;
			compatibilityVersion = "Xcode 14.0";
			developmentRegion = en;
			hasScannedForEncodings = 0;
			knownRegions = (
				Base,
				en,
			);
			mainGroup = E543A1E953842833B2E09145;
			minimizedProjectReferenceProxies = 1;
			preferredProjectObjectVersion = 77;
			projectDirPath = "";
			projectRoot = "";
			targets = (
				0DDE17E72C8DBBFB99C44E92 /* JukeApp */,
				540321AA56F29DD23D1CA917 /* JukeAppTests */,
				4C1528524579FE811E85CC31 /* JukeAppUITests */,
			);
		};
/* End PBXProject section */

/* Begin PBXResourcesBuildPhase section */
		26359CCF3C83DA76713FA6E5 /* Resources */ = {
			isa = PBXResourcesBuildPhase;
			buildActionMask = 2147483647;
			files = (
				982857EF4442D5E9E920F5E5 /* Assets.xcassets in Resources */,
				8F1535220B25DF1E788A581C /* PrivacyInfo.xcprivacy in Resources */,
			);
			runOnlyForDeploymentPostprocessing = 0;
		};
/* End PBXResourcesBuildPhase section */

/* Begin PBXSourcesBuildPhase section */
		110723E8171FC81FEB0E3706 /* Sources */ = {
			isa = PBXSourcesBuildPhase;
			buildActionMask = 2147483647;
			files = (
				549DBA54BE005F15E2E66A6B /* AppConfigurationTests.swift in Sources */,
				BEA0C01C70CB7FAA98275FA4 /* AppLockControllerTests.swift in Sources */,
				EF1404B00C518A31CC7A4F12 /* ArtistCatalogModelTests.swift in Sources */,
				932462127DCCB76F74AE9A14 /* ChatComposerTests.swift in Sources */,
				BF248891A9DF5CAFD4664593 /* DetailRevealTests.swift in Sources */,
				6E54B4EC1CF2AFEC65C90E4A /* JukeAppTests.swift in Sources */,
				7C931625891092023F2D4A39 /* LibraryBrowsingTests.swift in Sources */,
				C57F586A96DF788DD36259DF /* MemoryDeckTests.swift in Sources */,
				9EC2C1A1C735CD295536997E /* MemoryDetailLogicTests.swift in Sources */,
				3593715165E76A912A212C48 /* MemoryJourneyFlowTests.swift in Sources */,
				328964FEF837CC98AFB985C1 /* MemoryPlayerTests.swift in Sources */,
				A04F86678543DEAADABD9823 /* MemoryStepperTests.swift in Sources */,
				1FC2CF7C1B532774B2C6AFAA /* MemoryThumbnailTests.swift in Sources */,
				FDCF116EDBA533D8784466E8 /* MessageSafetyNoticeTests.swift in Sources */,
				3DC791D3A1EBD53CFDE41860 /* NewStationWizardTests.swift in Sources */,
				EB94342776BB3BB5D8BF329D /* NowPlayingRecognitionFeedTests.swift in Sources */,
				711938BFC51755C8A89492C1 /* PlaybackAuthTests.swift in Sources */,
				19FF0E52C7D2BA7AC86A8E26 /* PlayerTransportTests.swift in Sources */,
				4D3DBFBF0A0681FAE675E15B /* RadioLayoutTests.swift in Sources */,
				8FBBC7289E3FC51B4938AC60 /* ServerSelectionTests.swift in Sources */,
				1BD8769844187145B8815322 /* VibeBackgroundGlowTests.swift in Sources */,
				DB6412ACFD6ECFEFCBCD81DB /* VinylSleeveTests.swift in Sources */,
			);
			runOnlyForDeploymentPostprocessing = 0;
		};
		87399D61136B32351DA5DFB9 /* Sources */ = {
			isa = PBXSourcesBuildPhase;
			buildActionMask = 2147483647;
			files = (
				7DF9D167C038C306A0E9CBC0 /* AlbumDetailView.swift in Sources */,
				BA6141BB759C32C4A23C74D7 /* AppConfiguration.swift in Sources */,
				55BF6C28C2BECC020CFAD031 /* AppLockController.swift in Sources */,
				943157280DEB54FF0A8BEDBC /* AppearanceChoice.swift in Sources */,
				2C4916F55B5BD149752EFEAB /* ArtistCatalogModel.swift in Sources */,
				6A0BFCCEA0861C90AF932817 /* ArtistDetailView.swift in Sources */,
				3F25DD23765E9AD578032E19 /* ArtworkPalette.swift in Sources */,
				A3F5A0EE22EC14166515F58F /* BackgroundRecognition.swift in Sources */,
				9813BD832C9711007D1CB39B /* CatalogClient.swift in Sources */,
				D6D4A5362DC7F0760253B842 /* ChatComposer.swift in Sources */,
				FC0137850B1F26D7A5940D15 /* ChatVault.swift in Sources */,
				2FCA463DA58FA4D7BB4301AA /* ChatView.swift in Sources */,
				CB90D46DC6795C206C1461C5 /* CrateFlipDirection.swift in Sources */,
				C6144D8B2EAF28B9310D37B3 /* CrateLayout.swift in Sources */,
				E461B4C32B074D44F1EC1AE3 /* CrateView.swift in Sources */,
				A7B29B2A4A54E754B681103D /* DetailReveal.swift in Sources */,
				6D96BA3019B1C50EE594A0BD /* FMDialView.swift in Sources */,
				EFCF2EFF2B14C54A186237D3 /* JukeAPI+Radio.swift in Sources */,
				F7BE5CD3C54CC9152270E5C6 /* JukeAPI.swift in Sources */,
				D76D5AD39ECFBC34C06D1C60 /* JukeAccount.swift in Sources */,
				F3A9E68588BF62525D322B4F /* JukeAuthService.swift in Sources */,
				E36382F00A364C43A27BE605 /* JukeColor.swift in Sources */,
				6D415674CB2DDE9EFE322B03 /* JukeCoordinator.swift in Sources */,
				02C69B68631727CB958F5416 /* JukeIOSApp.swift in Sources */,
				283E2E8E68AE83D8E8A3F1A3 /* JukeMotion.swift in Sources */,
				0E5AC56E1EC43F88811BED56 /* JukeServer.swift in Sources */,
				EA970A8ED034FAE673764AF4 /* JukeTab.swift in Sources */,
				F87121C70363776108E3B591 /* JukeTheme.swift in Sources */,
				2E69789D3FFAC2A63810EE2F /* LibraryBrowsing.swift in Sources */,
				51C1AA76A9E7B6C6DC9F70CE /* LibraryScreen.swift in Sources */,
				154696631ECAA3BCC8750019 /* LocalVibeIntelligence.swift in Sources */,
				BD7F62A91194761949DF9D67 /* MemoriesScreen.swift in Sources */,
				B13C1095F6FA3EA156823F3F /* MemoryClient.swift in Sources */,
				0EB5287095379CC1794F0356 /* MemoryDeck.swift in Sources */,
				681338CCC3C1F23F209B4F2B /* MemoryDeckView.swift in Sources */,
				8F6CEEFCDBE2AF9A6CE40CCB /* MemoryDetailLogic.swift in Sources */,
				8527E4EFED2240A4B7F648CD /* MemoryDetailView.swift in Sources */,
				5624E669EAC7D1505FC2A8D1 /* MemoryJourneyFlow.swift in Sources */,
				6CC49D535058A46A590CF5EB /* MemoryJourneyView.swift in Sources */,
				0D778A49B37E90F4EC1D3354 /* MemoryPlayer.swift in Sources */,
				FCD382D7DAF5F943F2072823 /* MemorySampleData.swift in Sources */,
				C5B471EC0DB3483EBE70F175 /* MemoryStepper.swift in Sources */,
				8E03BAE7F3DCBB1C7990C0B9 /* MemoryStore.swift in Sources */,
				11F967B98A0B336643B71556 /* MemoryThumbnail.swift in Sources */,
				BDF5092ECFC1B653EEF75227 /* MessageSafetyNotice.swift in Sources */,
				2E0684CF19E54679456ECCB9 /* MusicMemory.swift in Sources */,
				8A2AF1C750156734B49C902B /* NewStationFlow.swift in Sources */,
				22444B3FE6FED102104A636A /* NewStationScreen.swift in Sources */,
				6D20F70B129866D039D2DAEA /* NewStationWizard.swift in Sources */,
				6A1597151175F2E7FF5762AA /* NowPlayingObserver.swift in Sources */,
				AABF7830A1757AF28591636E /* NowPlayingRecognitionFeed.swift in Sources */,
				4AC98C0DFF8412F697AAB101 /* PlaybackClient.swift in Sources */,
				5FD393298D1CDDB5D566F312 /* PlayerTransport.swift in Sources */,
				83BA564234CF6E364266DA57 /* PrivacyWindow.swift in Sources */,
				1E762619BB115E55CDDEDCDB /* RadioController.swift in Sources */,
				3EE939F898879EF316C15867 /* RadioFixtures.swift in Sources */,
				E298FEBF6B7919242B13F9BC /* RadioLayout.swift in Sources */,
				A395E50688F9535C39E1D655 /* RadioMath.swift in Sources */,
				CB5B0B9316AF6DFC4F58C477 /* RadioModels.swift in Sources */,
				27BBC41638BE52E6B6CC56AD /* RadioScreen.swift in Sources */,
				0BD611C2CDDD3A9874B788C1 /* RadioServices.swift in Sources */,
				D17527B7F652191AF9260A0C /* RecognizedTrack.swift in Sources */,
				AB8B5BB7F2CFB2904EA0926C /* RootView.swift in Sources */,
				AD1CB833B29F5ADD9AF84D17 /* SettingsView.swift in Sources */,
				5ECC130493F920D5AAAD21A3 /* StationSheet.swift in Sources */,
				1B1D65CAF628ECD7BAF765A9 /* VibeAPI.swift in Sources */,
				06879E0C5ADC4F19E36FEE1B /* VibeAppModel.swift in Sources */,
				C9D24912E75D5E85022C8B8D /* VibeAtmosphere.swift in Sources */,
				75D84F411441E54FE0D26DB3 /* VibeModels.swift in Sources */,
				EF044E898C0C4AB9C659D6AD /* VinylDisc.swift in Sources */,
				D63ED27A030893E78DD6BF1C /* VinylSleeve.swift in Sources */,
			);
			runOnlyForDeploymentPostprocessing = 0;
		};
		BC91251F699F7870D62BB612 /* Sources */ = {
			isa = PBXSourcesBuildPhase;
			buildActionMask = 2147483647;
			files = (
				CD35213EDD9EB635926CB0DA /* ArtistCatalogUITests.swift in Sources */,
				8700679E843036BCF1BD376B /* ChatViewUITests.swift in Sources */,
				21DADBF58AF3CBBE7EE901AC /* DetailViewsUITests.swift in Sources */,
				C99C5957C462BBDF76D3F381 /* MemoryDeckUITests.swift in Sources */,
				56686781876F76D3D38ADC00 /* MemoryDeleteUITests.swift in Sources */,
				EEE3AB8D7DB84B97C26539E3 /* MemoryDetailUITests.swift in Sources */,
				714A95CFE724B8762319F30E /* MemoryNextUITests.swift in Sources */,
				F11A56720C5F52E9287F21D4 /* ReactionEmojiSliderUITests.swift in Sources */,
			);
			runOnlyForDeploymentPostprocessing = 0;
		};
/* End PBXSourcesBuildPhase section */

/* Begin PBXTargetDependency section */
		07096319627EF604D1E4AD42 /* PBXTargetDependency */ = {
			isa = PBXTargetDependency;
			target = 0DDE17E72C8DBBFB99C44E92 /* JukeApp */;
			targetProxy = 527107979A215C1A55C7EC55 /* PBXContainerItemProxy */;
		};
		A9D0264D86BF30C583C6E065 /* PBXTargetDependency */ = {
			isa = PBXTargetDependency;
			target = 0DDE17E72C8DBBFB99C44E92 /* JukeApp */;
			targetProxy = 17276117235C558FBF00594C /* PBXContainerItemProxy */;
		};
/* End PBXTargetDependency section */

/* Begin XCBuildConfiguration section */
		034578D2174019777B2EEA3D /* Release */ = {
			isa = XCBuildConfiguration;
			buildSettings = {
				BUNDLE_LOADER = "$(TEST_HOST)";
				GENERATE_INFOPLIST_FILE = YES;
				LD_RUNPATH_SEARCH_PATHS = (
					"$(inherited)",
					"@executable_path/Frameworks",
					"@loader_path/Frameworks",
				);
				PRODUCT_BUNDLE_IDENTIFIER = com.juke.app.uitests;
				SDKROOT = iphoneos;
				TARGETED_DEVICE_FAMILY = "1,2";
				TEST_TARGET_NAME = JukeApp;
			};
			name = Release;
		};
		1E0AD3480E41C18BE38FE911 /* Release */ = {
			isa = XCBuildConfiguration;
			buildSettings = {
				ALWAYS_SEARCH_USER_PATHS = NO;
				CLANG_ANALYZER_NONNULL = YES;
				CLANG_ANALYZER_NUMBER_OBJECT_CONVERSION = YES_AGGRESSIVE;
				CLANG_CXX_LANGUAGE_STANDARD = "gnu++14";
				CLANG_CXX_LIBRARY = "libc++";
				CLANG_ENABLE_MODULES = YES;
				CLANG_ENABLE_OBJC_ARC = YES;
				CLANG_ENABLE_OBJC_WEAK = YES;
				CLANG_WARN_BLOCK_CAPTURE_AUTORELEASING = YES;
				CLANG_WARN_BOOL_CONVERSION = YES;
				CLANG_WARN_COMMA = YES;
				CLANG_WARN_CONSTANT_CONVERSION = YES;
				CLANG_WARN_DEPRECATED_OBJC_IMPLEMENTATIONS = YES;
				CLANG_WARN_DIRECT_OBJC_ISA_USAGE = YES_ERROR;
				CLANG_WARN_DOCUMENTATION_COMMENTS = YES;
				CLANG_WARN_EMPTY_BODY = YES;
				CLANG_WARN_ENUM_CONVERSION = YES;
				CLANG_WARN_INFINITE_RECURSION = YES;
				CLANG_WARN_INT_CONVERSION = YES;
				CLANG_WARN_NON_LITERAL_NULL_CONVERSION = YES;
				CLANG_WARN_OBJC_IMPLICIT_RETAIN_SELF = YES;
				CLANG_WARN_OBJC_LITERAL_CONVERSION = YES;
				CLANG_WARN_OBJC_ROOT_CLASS = YES_ERROR;
				CLANG_WARN_QUOTED_INCLUDE_IN_FRAMEWORK_HEADER = YES;
				CLANG_WARN_RANGE_LOOP_ANALYSIS = YES;
				CLANG_WARN_STRICT_PROTOTYPES = YES;
				CLANG_WARN_SUSPICIOUS_MOVE = YES;
				CLANG_WARN_UNGUARDED_AVAILABILITY = YES_AGGRESSIVE;
				CLANG_WARN_UNREACHABLE_CODE = YES;
				CLANG_WARN__DUPLICATE_METHOD_MATCH = YES;
				CODE_SIGN_STYLE = Automatic;
				COPY_PHASE_STRIP = NO;
				CURRENT_PROJECT_VERSION = 1;
				DEBUG_INFORMATION_FORMAT = "dwarf-with-dsym";
				DEVELOPMENT_TEAM = 2WMS6785YD;
				ENABLE_NS_ASSERTIONS = NO;
				ENABLE_STRICT_OBJC_MSGSEND = YES;
				GCC_C_LANGUAGE_STANDARD = gnu11;
				GCC_NO_COMMON_BLOCKS = YES;
				GCC_WARN_64_TO_32_BIT_CONVERSION = YES;
				GCC_WARN_ABOUT_RETURN_TYPE = YES_ERROR;
				GCC_WARN_UNDECLARED_SELECTOR = YES;
				GCC_WARN_UNINITIALIZED_AUTOS = YES_AGGRESSIVE;
				GCC_WARN_UNUSED_FUNCTION = YES;
				GCC_WARN_UNUSED_VARIABLE = YES;
				IPHONEOS_DEPLOYMENT_TARGET = 26.0;
				MARKETING_VERSION = 0.1.0;
				MTL_ENABLE_DEBUG_INFO = NO;
				MTL_FAST_MATH = YES;
				PRODUCT_NAME = "$(TARGET_NAME)";
				SDKROOT = iphoneos;
				SWIFT_COMPILATION_MODE = wholemodule;
				SWIFT_OPTIMIZATION_LEVEL = "-O";
				SWIFT_VERSION = 6.0;
			};
			name = Release;
		};
		22BE2F9F6BBA323860BDA462 /* Debug */ = {
			isa = XCBuildConfiguration;
			buildSettings = {
				ALWAYS_SEARCH_USER_PATHS = NO;
				CLANG_ANALYZER_NONNULL = YES;
				CLANG_ANALYZER_NUMBER_OBJECT_CONVERSION = YES_AGGRESSIVE;
				CLANG_CXX_LANGUAGE_STANDARD = "gnu++14";
				CLANG_CXX_LIBRARY = "libc++";
				CLANG_ENABLE_MODULES = YES;
				CLANG_ENABLE_OBJC_ARC = YES;
				CLANG_ENABLE_OBJC_WEAK = YES;
				CLANG_WARN_BLOCK_CAPTURE_AUTORELEASING = YES;
				CLANG_WARN_BOOL_CONVERSION = YES;
				CLANG_WARN_COMMA = YES;
				CLANG_WARN_CONSTANT_CONVERSION = YES;
				CLANG_WARN_DEPRECATED_OBJC_IMPLEMENTATIONS = YES;
				CLANG_WARN_DIRECT_OBJC_ISA_USAGE = YES_ERROR;
				CLANG_WARN_DOCUMENTATION_COMMENTS = YES;
				CLANG_WARN_EMPTY_BODY = YES;
				CLANG_WARN_ENUM_CONVERSION = YES;
				CLANG_WARN_INFINITE_RECURSION = YES;
				CLANG_WARN_INT_CONVERSION = YES;
				CLANG_WARN_NON_LITERAL_NULL_CONVERSION = YES;
				CLANG_WARN_OBJC_IMPLICIT_RETAIN_SELF = YES;
				CLANG_WARN_OBJC_LITERAL_CONVERSION = YES;
				CLANG_WARN_OBJC_ROOT_CLASS = YES_ERROR;
				CLANG_WARN_QUOTED_INCLUDE_IN_FRAMEWORK_HEADER = YES;
				CLANG_WARN_RANGE_LOOP_ANALYSIS = YES;
				CLANG_WARN_STRICT_PROTOTYPES = YES;
				CLANG_WARN_SUSPICIOUS_MOVE = YES;
				CLANG_WARN_UNGUARDED_AVAILABILITY = YES_AGGRESSIVE;
				CLANG_WARN_UNREACHABLE_CODE = YES;
				CLANG_WARN__DUPLICATE_METHOD_MATCH = YES;
				CODE_SIGN_STYLE = Automatic;
				COPY_PHASE_STRIP = NO;
				CURRENT_PROJECT_VERSION = 1;
				DEBUG_INFORMATION_FORMAT = dwarf;
				DEVELOPMENT_TEAM = 2WMS6785YD;
				ENABLE_STRICT_OBJC_MSGSEND = YES;
				ENABLE_TESTABILITY = YES;
				GCC_C_LANGUAGE_STANDARD = gnu11;
				GCC_DYNAMIC_NO_PIC = NO;
				GCC_NO_COMMON_BLOCKS = YES;
				GCC_OPTIMIZATION_LEVEL = 0;
				GCC_PREPROCESSOR_DEFINITIONS = (
					"$(inherited)",
					"DEBUG=1",
				);
				GCC_WARN_64_TO_32_BIT_CONVERSION = YES;
				GCC_WARN_ABOUT_RETURN_TYPE = YES_ERROR;
				GCC_WARN_UNDECLARED_SELECTOR = YES;
				GCC_WARN_UNINITIALIZED_AUTOS = YES_AGGRESSIVE;
				GCC_WARN_UNUSED_FUNCTION = YES;
				GCC_WARN_UNUSED_VARIABLE = YES;
				IPHONEOS_DEPLOYMENT_TARGET = 26.0;
				MARKETING_VERSION = 0.1.0;
				MTL_ENABLE_DEBUG_INFO = INCLUDE_SOURCE;
				MTL_FAST_MATH = YES;
				ONLY_ACTIVE_ARCH = YES;
				PRODUCT_NAME = "$(TARGET_NAME)";
				SDKROOT = iphoneos;
				SWIFT_ACTIVE_COMPILATION_CONDITIONS = DEBUG;
				SWIFT_OPTIMIZATION_LEVEL = "-Onone";
				SWIFT_VERSION = 6.0;
			};
			name = Debug;
		};
		599FF90B09C6EA5537110FA4 /* Release */ = {
			isa = XCBuildConfiguration;
			buildSettings = {
				ASSETCATALOG_COMPILER_APPICON_NAME = AppIcon;
				CODE_SIGN_ENTITLEMENTS = JukeApp/JukeApp.entitlements;
				CODE_SIGN_IDENTITY = "iPhone Developer";
				GENERATE_INFOPLIST_FILE = NO;
				INFOPLIST_FILE = JukeApp/Info.plist;
				LD_RUNPATH_SEARCH_PATHS = (
					"$(inherited)",
					"@executable_path/Frameworks",
				);
				PRODUCT_BUNDLE_IDENTIFIER = com.juke.app;
				PRODUCT_NAME = JukeApp;
				SDKROOT = iphoneos;
				SWIFT_STRICT_CONCURRENCY = complete;
				TARGETED_DEVICE_FAMILY = 1;
			};
			name = Release;
		};
		6335E0FCD96586F6F1ECCABF /* Debug */ = {
			isa = XCBuildConfiguration;
			buildSettings = {
				ASSETCATALOG_COMPILER_APPICON_NAME = AppIcon;
				CODE_SIGN_ENTITLEMENTS = JukeApp/JukeApp.entitlements;
				CODE_SIGN_IDENTITY = "iPhone Developer";
				GENERATE_INFOPLIST_FILE = NO;
				INFOPLIST_FILE = JukeApp/Info.plist;
				LD_RUNPATH_SEARCH_PATHS = (
					"$(inherited)",
					"@executable_path/Frameworks",
				);
				PRODUCT_BUNDLE_IDENTIFIER = com.juke.app;
				PRODUCT_NAME = JukeApp;
				SDKROOT = iphoneos;
				SWIFT_STRICT_CONCURRENCY = complete;
				TARGETED_DEVICE_FAMILY = 1;
			};
			name = Debug;
		};
		821F76F6FE055EBC1446B7FE /* Debug */ = {
			isa = XCBuildConfiguration;
			buildSettings = {
				BUNDLE_LOADER = "$(TEST_HOST)";
				GENERATE_INFOPLIST_FILE = YES;
				LD_RUNPATH_SEARCH_PATHS = (
					"$(inherited)",
					"@executable_path/Frameworks",
					"@loader_path/Frameworks",
				);
				PRODUCT_BUNDLE_IDENTIFIER = com.juke.app.uitests;
				SDKROOT = iphoneos;
				TARGETED_DEVICE_FAMILY = "1,2";
				TEST_TARGET_NAME = JukeApp;
			};
			name = Debug;
		};
		D83FEFCEA312A3A1011C4975 /* Release */ = {
			isa = XCBuildConfiguration;
			buildSettings = {
				BUNDLE_LOADER = "$(TEST_HOST)";
				GENERATE_INFOPLIST_FILE = YES;
				LD_RUNPATH_SEARCH_PATHS = (
					"$(inherited)",
					"@executable_path/Frameworks",
					"@loader_path/Frameworks",
				);
				PRODUCT_BUNDLE_IDENTIFIER = com.juke.app.tests;
				SDKROOT = iphoneos;
				TARGETED_DEVICE_FAMILY = "1,2";
				TEST_HOST = "$(BUILT_PRODUCTS_DIR)/JukeApp.app/JukeApp";
			};
			name = Release;
		};
		E541A6667748A26AB34AB99F /* Debug */ = {
			isa = XCBuildConfiguration;
			buildSettings = {
				BUNDLE_LOADER = "$(TEST_HOST)";
				GENERATE_INFOPLIST_FILE = YES;
				LD_RUNPATH_SEARCH_PATHS = (
					"$(inherited)",
					"@executable_path/Frameworks",
					"@loader_path/Frameworks",
				);
				PRODUCT_BUNDLE_IDENTIFIER = com.juke.app.tests;
				SDKROOT = iphoneos;
				TARGETED_DEVICE_FAMILY = "1,2";
				TEST_HOST = "$(BUILT_PRODUCTS_DIR)/JukeApp.app/JukeApp";
			};
			name = Debug;
		};
/* End XCBuildConfiguration section */

/* Begin XCConfigurationList section */
		0653E9966CE804DA02E1A943 /* Build configuration list for PBXProject "JukeApp" */ = {
			isa = XCConfigurationList;
			buildConfigurations = (
				22BE2F9F6BBA323860BDA462 /* Debug */,
				1E0AD3480E41C18BE38FE911 /* Release */,
			);
			defaultConfigurationIsVisible = 0;
			defaultConfigurationName = Debug;
		};
		2EBC68F18347E52C1578FEDA /* Build configuration list for PBXNativeTarget "JukeAppTests" */ = {
			isa = XCConfigurationList;
			buildConfigurations = (
				E541A6667748A26AB34AB99F /* Debug */,
				D83FEFCEA312A3A1011C4975 /* Release */,
			);
			defaultConfigurationIsVisible = 0;
			defaultConfigurationName = Debug;
		};
		ABE8CFDF2FEE5E4842469AC8 /* Build configuration list for PBXNativeTarget "JukeAppUITests" */ = {
			isa = XCConfigurationList;
			buildConfigurations = (
				821F76F6FE055EBC1446B7FE /* Debug */,
				034578D2174019777B2EEA3D /* Release */,
			);
			defaultConfigurationIsVisible = 0;
			defaultConfigurationName = Debug;
		};
		C18777D21B08FF7512CD3325 /* Build configuration list for PBXNativeTarget "JukeApp" */ = {
			isa = XCConfigurationList;
			buildConfigurations = (
				6335E0FCD96586F6F1ECCABF /* Debug */,
				599FF90B09C6EA5537110FA4 /* Release */,
			);
			defaultConfigurationIsVisible = 0;
			defaultConfigurationName = Debug;
		};
/* End XCConfigurationList section */
	};
	rootObject = 84205B78DCB6AA8A04B34FF0 /* Project object */;
}
